<?xml version="1.0" encoding="UTF-8"?>
<Scheme
   LastUpgradeVersion = "1100"
   version = "1.3">
   <BuildAction
      parallelizeBuildables = "YES"
      buildImplicitDependencies = "YES">
      <BuildActionEntries>
         <BuildActionEntry
            buildForTesting = "YES"
            buildForRunning = "YES"
            buildForProfiling = "YES"
            buildForArchiving = "YES"
            buildForAnalyzing = "YES">
            <BuildableReference
               BuildableIdentifier = "primary"
               BlueprintIdentifier = "14A0A7A82382485F00CE32A7"
               BuildableName = "167. &#x4e24;&#x6570;&#x4e4b;&#x548c; II - &#x8f93;&#x5165;&#x6709;&#x5e8f;&#x6570;&#x7ec4;"
               BlueprintName = "167. &#x4e24;&#x6570;&#x4e4b;&#x548c; II - &#x8f93;&#x5165;&#x6709;&#x5e8f;&#x6570;&#x7ec4;"
               ReferencedContainer = "container:LeetCode.xcodeproj">
            </BuildableReference>
         </BuildActionEntry>
      </BuildActionEntries>
   </BuildAction>
   <TestAction
      buildConfiguration = "Debug"
      selectedDebuggerIdentifier = "Xcode.DebuggerFoundation.Debugger.LLDB"
      selectedLauncherIdentifier = "Xcode.DebuggerFoundation.Launcher.LLDB"
      shouldUseLaunchSchemeArgsEnv = "YES">
      <Testables>
      </Testables>
   </TestAction>
   <LaunchAction
      buildConfiguration = "Debug"
      selectedDebuggerIdentifier = "Xcode.DebuggerFoundation.Debugger.LLDB"
      selectedLauncherIdentifier = "Xcode.DebuggerFoundation.Launcher.LLDB"
      launchStyle = "0"
      useCustomWorkingDirectory = "NO"
      ignoresPersistentStateOnLaunch = "NO"
      debugDocumentVersioning = "YES"
      debugServiceExtension = "internal"
      allowLocationSimulation = "YES">
      <BuildableProductRunnable
         runnableDebuggingMode = "0">
         <BuildableReference
            BuildableIdentifier = "primary"
            BlueprintIdentifier = "14A0A7A82382485F00CE32A7"
            BuildableName = "167. &#x4e24;&#x6570;&#x4e4b;&#x548c; II - &#x8f93;&#x5165;&#x6709;&#x5e8f;&#x6570;&#x7ec4;"
            BlueprintName = "167. &#x4e24;&#x6570;&#x4e4b;&#x548c; II - &#x8f93;&#x5165;&#x6709;&#x5e8f;&#x6570;&#x7ec4;"
            ReferencedContainer = "container:LeetCode.xcodeproj">
         </BuildableReference>
      </BuildableProductRunnable>
   </LaunchAction>
   <ProfileAction
      buildConfiguration = "Release"
      shouldUseLaunchSchemeArgsEnv = "YES"
      savedToolIdentifier = ""
      useCustomWorkingDirectory = "NO"
      debugDocumentVersioning = "YES">
      <BuildableProductRunnable
         runnableDebuggingMode = "0">
         <BuildableReference
            BuildableIdentifier = "primary"
            BlueprintIdentifier = "14A0A7A82382485F00CE32A7"
            BuildableName = "167. &#x4e24;&#x6570;&#x4e4b;&#x548c; II - &#x8f93;&#x5165;&#x6709;&#x5e8f;&#x6570;&#x7ec4;"
            BlueprintName = "167. &#x4e24;&#x6570;&#x4e4b;&#x548c; II - &#x8f93;&#x5165;&#x6709;&#x5e8f;&#x6570;&#x7ec4;"
            ReferencedContainer = "container:LeetCode.xcodeproj">
         </BuildableReference>
      </BuildableProductRunnable>
   </ProfileAction>
   <AnalyzeAction
      buildConfiguration = "Debug">
   </AnalyzeAction>
   <ArchiveAction
      buildConfiguration = "Release"
      revealArchiveInOrganizer = "YES">
   </ArchiveAction>
</Scheme>
