<?xml version="1.0" encoding="UTF-8"?>
<Scheme
   LastUpgradeVersion = "1010"
   version = "1.3">
   <BuildAction
      parallelizeBuildables = "YES"
      buildImplicitDependencies = "YES">
      <BuildActionEntries>
         <BuildActionEntry
            buildForTesting = "YES"
            buildForRunning = "YES"
            buildForProfiling = "YES"
            buildForArchiving = "YES"
            buildForAnalyzing = "YES">
            <BuildableReference
               BuildableIdentifier = "primary"
               BlueprintIdentifier = "1413CB84225B45F00052E78A"
               BuildableName = "309. &#x6700;&#x4f73;&#x4e70;&#x5356;&#x80a1;&#x7968;&#x65f6;&#x673a;&#x542b;&#x51b7;&#x51bb;&#x671f;"
               BlueprintName = "309. &#x6700;&#x4f73;&#x4e70;&#x5356;&#x80a1;&#x7968;&#x65f6;&#x673a;&#x542b;&#x51b7;&#x51bb;&#x671f;"
               ReferencedContainer = "container:LeetCode.xcodeproj">
            </BuildableReference>
         </BuildActionEntry>
      </BuildActionEntries>
   </BuildAction>
   <TestAction
      buildConfiguration = "Debug"
      selectedDebuggerIdentifier = "Xcode.DebuggerFoundation.Debugger.LLDB"
      selectedLauncherIdentifier = "Xcode.DebuggerFoundation.Launcher.LLDB"
      shouldUseLaunchSchemeArgsEnv = "YES">
      <Testables>
      </Testables>
      <MacroExpansion>
         <BuildableReference
            BuildableIdentifier = "primary"
            BlueprintIdentifier = "1413CB84225B45F00052E78A"
            BuildableName = "309. &#x6700;&#x4f73;&#x4e70;&#x5356;&#x80a1;&#x7968;&#x65f6;&#x673a;&#x542b;&#x51b7;&#x51bb;&#x671f;"
            BlueprintName = "309. &#x6700;&#x4f73;&#x4e70;&#x5356;&#x80a1;&#x7968;&#x65f6;&#x673a;&#x542b;&#x51b7;&#x51bb;&#x671f;"
            ReferencedContainer = "container:LeetCode.xcodeproj">
         </BuildableReference>
      </MacroExpansion>
      <AdditionalOptions>
      </AdditionalOptions>
   </TestAction>
   <LaunchAction
      buildConfiguration = "Debug"
      selectedDebuggerIdentifier = "Xcode.DebuggerFoundation.Debugger.LLDB"
      selectedLauncherIdentifier = "Xcode.DebuggerFoundation.Launcher.LLDB"
      launchStyle = "0"
      useCustomWorkingDirectory = "NO"
      ignoresPersistentStateOnLaunch = "NO"
      debugDocumentVersioning = "YES"
      debugServiceExtension = "internal"
      allowLocationSimulation = "YES">
      <BuildableProductRunnable
         runnableDebuggingMode = "0">
         <BuildableReference
            BuildableIdentifier = "primary"
            BlueprintIdentifier = "1413CB84225B45F00052E78A"
            BuildableName = "309. &#x6700;&#x4f73;&#x4e70;&#x5356;&#x80a1;&#x7968;&#x65f6;&#x673a;&#x542b;&#x51b7;&#x51bb;&#x671f;"
            BlueprintName = "309. &#x6700;&#x4f73;&#x4e70;&#x5356;&#x80a1;&#x7968;&#x65f6;&#x673a;&#x542b;&#x51b7;&#x51bb;&#x671f;"
            ReferencedContainer = "container:LeetCode.xcodeproj">
         </BuildableReference>
      </BuildableProductRunnable>
      <AdditionalOptions>
      </AdditionalOptions>
   </LaunchAction>
   <ProfileAction
      buildConfiguration = "Release"
      shouldUseLaunchSchemeArgsEnv = "YES"
      savedToolIdentifier = ""
      useCustomWorkingDirectory = "NO"
      debugDocumentVersioning = "YES">
      <BuildableProductRunnable
         runnableDebuggingMode = "0">
         <BuildableReference
            BuildableIdentifier = "primary"
            BlueprintIdentifier = "1413CB84225B45F00052E78A"
            BuildableName = "309. &#x6700;&#x4f73;&#x4e70;&#x5356;&#x80a1;&#x7968;&#x65f6;&#x673a;&#x542b;&#x51b7;&#x51bb;&#x671f;"
            BlueprintName = "309. &#x6700;&#x4f73;&#x4e70;&#x5356;&#x80a1;&#x7968;&#x65f6;&#x673a;&#x542b;&#x51b7;&#x51bb;&#x671f;"
            ReferencedContainer = "container:LeetCode.xcodeproj">
         </BuildableReference>
      </BuildableProductRunnable>
   </ProfileAction>
   <AnalyzeAction
      buildConfiguration = "Debug">
   </AnalyzeAction>
   <ArchiveAction
      buildConfiguration = "Release"
      revealArchiveInOrganizer = "YES">
   </ArchiveAction>
</Scheme>
