<?xml version="1.0" encoding="UTF-8"?>
<Scheme
   LastUpgradeVersion = "1100"
   version = "1.3">
   <BuildAction
      parallelizeBuildables = "YES"
      buildImplicitDependencies = "YES">
      <BuildActionEntries>
         <BuildActionEntry
            buildForTesting = "YES"
            buildForRunning = "YES"
            buildForProfiling = "YES"
            buildForArchiving = "YES"
            buildForAnalyzing = "YES">
            <BuildableReference
               BuildableIdentifier = "primary"
               BlueprintIdentifier = "1475DB98238A7A4600AAA12B"
               BuildableName = "34. &#x5728;&#x6392;&#x5e8f;&#x6570;&#x7ec4;&#x4e2d;&#x67e5;&#x627e;&#x5143;&#x7d20;&#x7684;&#x7b2c;&#x4e00;&#x4e2a;&#x548c;&#x6700;&#x540e;&#x4e00;&#x4e2a;&#x4f4d;&#x7f6e;"
               BlueprintName = "34. &#x5728;&#x6392;&#x5e8f;&#x6570;&#x7ec4;&#x4e2d;&#x67e5;&#x627e;&#x5143;&#x7d20;&#x7684;&#x7b2c;&#x4e00;&#x4e2a;&#x548c;&#x6700;&#x540e;&#x4e00;&#x4e2a;&#x4f4d;&#x7f6e;"
               ReferencedContainer = "container:LeetCode.xcodeproj">
            </BuildableReference>
         </BuildActionEntry>
      </BuildActionEntries>
   </BuildAction>
   <TestAction
      buildConfiguration = "Debug"
      selectedDebuggerIdentifier = "Xcode.DebuggerFoundation.Debugger.LLDB"
      selectedLauncherIdentifier = "Xcode.DebuggerFoundation.Launcher.LLDB"
      shouldUseLaunchSchemeArgsEnv = "YES">
      <Testables>
      </Testables>
   </TestAction>
   <LaunchAction
      buildConfiguration = "Debug"
      selectedDebuggerIdentifier = "Xcode.DebuggerFoundation.Debugger.LLDB"
      selectedLauncherIdentifier = "Xcode.DebuggerFoundation.Launcher.LLDB"
      launchStyle = "0"
      useCustomWorkingDirectory = "NO"
      ignoresPersistentStateOnLaunch = "NO"
      debugDocumentVersioning = "YES"
      debugServiceExtension = "internal"
      allowLocationSimulation = "YES">
      <BuildableProductRunnable
         runnableDebuggingMode = "0">
         <BuildableReference
            BuildableIdentifier = "primary"
            BlueprintIdentifier = "1475DB98238A7A4600AAA12B"
            BuildableName = "34. &#x5728;&#x6392;&#x5e8f;&#x6570;&#x7ec4;&#x4e2d;&#x67e5;&#x627e;&#x5143;&#x7d20;&#x7684;&#x7b2c;&#x4e00;&#x4e2a;&#x548c;&#x6700;&#x540e;&#x4e00;&#x4e2a;&#x4f4d;&#x7f6e;"
            BlueprintName = "34. &#x5728;&#x6392;&#x5e8f;&#x6570;&#x7ec4;&#x4e2d;&#x67e5;&#x627e;&#x5143;&#x7d20;&#x7684;&#x7b2c;&#x4e00;&#x4e2a;&#x548c;&#x6700;&#x540e;&#x4e00;&#x4e2a;&#x4f4d;&#x7f6e;"
            ReferencedContainer = "container:LeetCode.xcodeproj">
         </BuildableReference>
      </BuildableProductRunnable>
   </LaunchAction>
   <ProfileAction
      buildConfiguration = "Release"
      shouldUseLaunchSchemeArgsEnv = "YES"
      savedToolIdentifier = ""
      useCustomWorkingDirectory = "NO"
      debugDocumentVersioning = "YES">
      <BuildableProductRunnable
         runnableDebuggingMode = "0">
         <BuildableReference
            BuildableIdentifier = "primary"
            BlueprintIdentifier = "1475DB98238A7A4600AAA12B"
            BuildableName = "34. &#x5728;&#x6392;&#x5e8f;&#x6570;&#x7ec4;&#x4e2d;&#x67e5;&#x627e;&#x5143;&#x7d20;&#x7684;&#x7b2c;&#x4e00;&#x4e2a;&#x548c;&#x6700;&#x540e;&#x4e00;&#x4e2a;&#x4f4d;&#x7f6e;"
            BlueprintName = "34. &#x5728;&#x6392;&#x5e8f;&#x6570;&#x7ec4;&#x4e2d;&#x67e5;&#x627e;&#x5143;&#x7d20;&#x7684;&#x7b2c;&#x4e00;&#x4e2a;&#x548c;&#x6700;&#x540e;&#x4e00;&#x4e2a;&#x4f4d;&#x7f6e;"
            ReferencedContainer = "container:LeetCode.xcodeproj">
         </BuildableReference>
      </BuildableProductRunnable>
   </ProfileAction>
   <AnalyzeAction
      buildConfiguration = "Debug">
   </AnalyzeAction>
   <ArchiveAction
      buildConfiguration = "Release"
      revealArchiveInOrganizer = "YES">
   </ArchiveAction>
</Scheme>
