// !$*UTF8*$!
{
	archiveVersion = 1;
	classes = {
	};
	objectVersion = 48;
	objects = {

/* Begin PBXBuildFile section */
		1421E38D209FFAF900A4C208 /* main.cpp in Sources */ = {isa = PBXBuildFile; fileRef = 1421E38C209FFAF900A4C208 /* main.cpp */; };
		1421E39820A0021C00A4C208 /* main.cpp in Sources */ = {isa = PBXBuildFile; fileRef = 1421E39720A0021C00A4C208 /* main.cpp */; };
		14773BD120934638006242C6 /* main.cpp in Sources */ = {isa = PBXBuildFile; fileRef = 14773BD020934638006242C6 /* main.cpp */; };
		14773BDE20934647006242C6 /* main.cpp in Sources */ = {isa = PBXBuildFile; fileRef = 14773BDD20934647006242C6 /* main.cpp */; };
		14773BE920934BFF006242C6 /* main.cpp in Sources */ = {isa = PBXBuildFile; fileRef = 14773BE820934BFF006242C6 /* main.cpp */; };
		14DC84E720A04A4D00F651BD /* main.cpp in Sources */ = {isa = PBXBuildFile; fileRef = 14DC84E620A04A4D00F651BD /* main.cpp */; };
		14DC84F220A0785000F651BD /* main.cpp in Sources */ = {isa = PBXBuildFile; fileRef = 14DC84F120A0785000F651BD /* main.cpp */; };
		14DC84FF20A1D30400F651BD /* main.cpp in Sources */ = {isa = PBXBuildFile; fileRef = 14DC84FE20A1D30400F651BD /* main.cpp */; };
		14DC853620A3E05B00F651BD /* main.cpp in Sources */ = {isa = PBXBuildFile; fileRef = 14DC853520A3E05B00F651BD /* main.cpp */; };
		14DC854120A3F42100F651BD /* main.cpp in Sources */ = {isa = PBXBuildFile; fileRef = 14DC854020A3F42100F651BD /* main.cpp */; };
		14E76E822095FEE50095BE75 /* main.cpp in Sources */ = {isa = PBXBuildFile; fileRef = 14E76E812095FEE50095BE75 /* main.cpp */; };
/* End PBXBuildFile section */

/* Begin PBXCopyFilesBuildPhase section */
		1421E388209FFAF900A4C208 /* CopyFiles */ = {
			isa = PBXCopyFilesBuildPhase;
			buildActionMask = 2147483647;
			dstPath = /usr/share/man/man1/;
			dstSubfolderSpec = 0;
			files = (
			);
			runOnlyForDeploymentPostprocessing = 1;
		};
		1421E39320A0021C00A4C208 /* CopyFiles */ = {
			isa = PBXCopyFilesBuildPhase;
			buildActionMask = 2147483647;
			dstPath = /usr/share/man/man1/;
			dstSubfolderSpec = 0;
			files = (
			);
			runOnlyForDeploymentPostprocessing = 1;
		};
		14773BCB20934638006242C6 /* CopyFiles */ = {
			isa = PBXCopyFilesBuildPhase;
			buildActionMask = 2147483647;
			dstPath = /usr/share/man/man1/;
			dstSubfolderSpec = 0;
			files = (
			);
			runOnlyForDeploymentPostprocessing = 1;
		};
		14773BD920934647006242C6 /* CopyFiles */ = {
			isa = PBXCopyFilesBuildPhase;
			buildActionMask = 2147483647;
			dstPath = /usr/share/man/man1/;
			dstSubfolderSpec = 0;
			files = (
			);
			runOnlyForDeploymentPostprocessing = 1;
		};
		14773BE420934BFF006242C6 /* CopyFiles */ = {
			isa = PBXCopyFilesBuildPhase;
			buildActionMask = 2147483647;
			dstPath = /usr/share/man/man1/;
			dstSubfolderSpec = 0;
			files = (
			);
			runOnlyForDeploymentPostprocessing = 1;
		};
		14DC84E220A04A4D00F651BD /* CopyFiles */ = {
			isa = PBXCopyFilesBuildPhase;
			buildActionMask = 2147483647;
			dstPath = /usr/share/man/man1/;
			dstSubfolderSpec = 0;
			files = (
			);
			runOnlyForDeploymentPostprocessing = 1;
		};
		14DC84ED20A0785000F651BD /* CopyFiles */ = {
			isa = PBXCopyFilesBuildPhase;
			buildActionMask = 2147483647;
			dstPath = /usr/share/man/man1/;
			dstSubfolderSpec = 0;
			files = (
			);
			runOnlyForDeploymentPostprocessing = 1;
		};
		14DC84FA20A1D30400F651BD /* CopyFiles */ = {
			isa = PBXCopyFilesBuildPhase;
			buildActionMask = 2147483647;
			dstPath = /usr/share/man/man1/;
			dstSubfolderSpec = 0;
			files = (
			);
			runOnlyForDeploymentPostprocessing = 1;
		};
		14DC853120A3E05B00F651BD /* CopyFiles */ = {
			isa = PBXCopyFilesBuildPhase;
			buildActionMask = 2147483647;
			dstPath = /usr/share/man/man1/;
			dstSubfolderSpec = 0;
			files = (
			);
			runOnlyForDeploymentPostprocessing = 1;
		};
		14DC853C20A3F42100F651BD /* CopyFiles */ = {
			isa = PBXCopyFilesBuildPhase;
			buildActionMask = 2147483647;
			dstPath = /usr/share/man/man1/;
			dstSubfolderSpec = 0;
			files = (
			);
			runOnlyForDeploymentPostprocessing = 1;
		};
		14E76E7D2095FEE50095BE75 /* CopyFiles */ = {
			isa = PBXCopyFilesBuildPhase;
			buildActionMask = 2147483647;
			dstPath = /usr/share/man/man1/;
			dstSubfolderSpec = 0;
			files = (
			);
			runOnlyForDeploymentPostprocessing = 1;
		};
/* End PBXCopyFilesBuildPhase section */

/* Begin PBXFileReference section */
		1421E38A209FFAF900A4C208 /* 用队列实现栈 */ = {isa = PBXFileReference; explicitFileType = "compiled.mach-o.executable"; includeInIndex = 0; path = "用队列实现栈"; sourceTree = BUILT_PRODUCTS_DIR; };
		1421E38C209FFAF900A4C208 /* main.cpp */ = {isa = PBXFileReference; lastKnownFileType = sourcecode.cpp.cpp; path = main.cpp; sourceTree = "<group>"; };
		1421E39520A0021C00A4C208 /* 填充同一层的兄弟节点 II */ = {isa = PBXFileReference; explicitFileType = "compiled.mach-o.executable"; includeInIndex = 0; path = "填充同一层的兄弟节点 II"; sourceTree = BUILT_PRODUCTS_DIR; };
		1421E39720A0021C00A4C208 /* main.cpp */ = {isa = PBXFileReference; lastKnownFileType = sourcecode.cpp.cpp; path = main.cpp; sourceTree = "<group>"; };
		14773BCD20934638006242C6 /* LeetCode */ = {isa = PBXFileReference; explicitFileType = "compiled.mach-o.executable"; includeInIndex = 0; path = LeetCode; sourceTree = BUILT_PRODUCTS_DIR; };
		14773BD020934638006242C6 /* main.cpp */ = {isa = PBXFileReference; lastKnownFileType = sourcecode.cpp.cpp; path = main.cpp; sourceTree = "<group>"; };
		14773BDB20934647006242C6 /* 两数之和 */ = {isa = PBXFileReference; explicitFileType = "compiled.mach-o.executable"; includeInIndex = 0; path = "两数之和"; sourceTree = BUILT_PRODUCTS_DIR; };
		14773BDD20934647006242C6 /* main.cpp */ = {isa = PBXFileReference; lastKnownFileType = sourcecode.cpp.cpp; path = main.cpp; sourceTree = "<group>"; };
		14773BE620934BFF006242C6 /* 两数相加 */ = {isa = PBXFileReference; explicitFileType = "compiled.mach-o.executable"; includeInIndex = 0; path = "两数相加"; sourceTree = BUILT_PRODUCTS_DIR; };
		14773BE820934BFF006242C6 /* main.cpp */ = {isa = PBXFileReference; lastKnownFileType = sourcecode.cpp.cpp; path = main.cpp; sourceTree = "<group>"; };
		14DC84E420A04A4D00F651BD /* 找树左下角的值 */ = {isa = PBXFileReference; explicitFileType = "compiled.mach-o.executable"; includeInIndex = 0; path = "找树左下角的值"; sourceTree = BUILT_PRODUCTS_DIR; };
		14DC84E620A04A4D00F651BD /* main.cpp */ = {isa = PBXFileReference; lastKnownFileType = sourcecode.cpp.cpp; path = main.cpp; sourceTree = "<group>"; };
		14DC84EF20A0785000F651BD /* 删除与获得点数 */ = {isa = PBXFileReference; explicitFileType = "compiled.mach-o.executable"; includeInIndex = 0; path = "删除与获得点数"; sourceTree = BUILT_PRODUCTS_DIR; };
		14DC84F120A0785000F651BD /* main.cpp */ = {isa = PBXFileReference; lastKnownFileType = sourcecode.cpp.cpp; path = main.cpp; sourceTree = "<group>"; };
		14DC84FC20A1D30400F651BD /* 二叉树的右视图 */ = {isa = PBXFileReference; explicitFileType = "compiled.mach-o.executable"; includeInIndex = 0; path = "二叉树的右视图"; sourceTree = BUILT_PRODUCTS_DIR; };
		14DC84FE20A1D30400F651BD /* main.cpp */ = {isa = PBXFileReference; lastKnownFileType = sourcecode.cpp.cpp; path = main.cpp; sourceTree = "<group>"; };
		14DC853320A3E05B00F651BD /* 从中序与后序遍历序列构造二叉树 */ = {isa = PBXFileReference; explicitFileType = "compiled.mach-o.executable"; includeInIndex = 0; path = "从中序与后序遍历序列构造二叉树"; sourceTree = BUILT_PRODUCTS_DIR; };
		14DC853520A3E05B00F651BD /* main.cpp */ = {isa = PBXFileReference; lastKnownFileType = sourcecode.cpp.cpp; path = main.cpp; sourceTree = "<group>"; };
		14DC853E20A3F42100F651BD /* 翻转字符串里的单词 */ = {isa = PBXFileReference; explicitFileType = "compiled.mach-o.executable"; includeInIndex = 0; path = "翻转字符串里的单词"; sourceTree = BUILT_PRODUCTS_DIR; };
		14DC854020A3F42100F651BD /* main.cpp */ = {isa = PBXFileReference; lastKnownFileType = sourcecode.cpp.cpp; path = main.cpp; sourceTree = "<group>"; };
		14E76E7F2095FEE50095BE75 /* 无重复字符的最长子串 */ = {isa = PBXFileReference; explicitFileType = "compiled.mach-o.executable"; includeInIndex = 0; path = "无重复字符的最长子串"; sourceTree = BUILT_PRODUCTS_DIR; };
		14E76E812095FEE50095BE75 /* main.cpp */ = {isa = PBXFileReference; lastKnownFileType = sourcecode.cpp.cpp; path = main.cpp; sourceTree = "<group>"; };
/* End PBXFileReference section */

/* Begin PBXFrameworksBuildPhase section */
		1421E387209FFAF900A4C208 /* Frameworks */ = {
			isa = PBXFrameworksBuildPhase;
			buildActionMask = 2147483647;
			files = (
			);
			runOnlyForDeploymentPostprocessing = 0;
		};
		1421E39220A0021C00A4C208 /* Frameworks */ = {
			isa = PBXFrameworksBuildPhase;
			buildActionMask = 2147483647;
			files = (
			);
			runOnlyForDeploymentPostprocessing = 0;
		};
		14773BCA20934638006242C6 /* Frameworks */ = {
			isa = PBXFrameworksBuildPhase;
			buildActionMask = 2147483647;
			files = (
			);
			runOnlyForDeploymentPostprocessing = 0;
		};
		14773BD820934647006242C6 /* Frameworks */ = {
			isa = PBXFrameworksBuildPhase;
			buildActionMask = 2147483647;
			files = (
			);
			runOnlyForDeploymentPostprocessing = 0;
		};
		14773BE320934BFF006242C6 /* Frameworks */ = {
			isa = PBXFrameworksBuildPhase;
			buildActionMask = 2147483647;
			files = (
			);
			runOnlyForDeploymentPostprocessing = 0;
		};
		14DC84E120A04A4D00F651BD /* Frameworks */ = {
			isa = PBXFrameworksBuildPhase;
			buildActionMask = 2147483647;
			files = (
			);
			runOnlyForDeploymentPostprocessing = 0;
		};
		14DC84EC20A0785000F651BD /* Frameworks */ = {
			isa = PBXFrameworksBuildPhase;
			buildActionMask = 2147483647;
			files = (
			);
			runOnlyForDeploymentPostprocessing = 0;
		};
		14DC84F920A1D30400F651BD /* Frameworks */ = {
			isa = PBXFrameworksBuildPhase;
			buildActionMask = 2147483647;
			files = (
			);
			runOnlyForDeploymentPostprocessing = 0;
		};
		14DC853020A3E05B00F651BD /* Frameworks */ = {
			isa = PBXFrameworksBuildPhase;
			buildActionMask = 2147483647;
			files = (
			);
			runOnlyForDeploymentPostprocessing = 0;
		};
		14DC853B20A3F42100F651BD /* Frameworks */ = {
			isa = PBXFrameworksBuildPhase;
			buildActionMask = 2147483647;
			files = (
			);
			runOnlyForDeploymentPostprocessing = 0;
		};
		14E76E7C2095FEE50095BE75 /* Frameworks */ = {
			isa = PBXFrameworksBuildPhase;
			buildActionMask = 2147483647;
			files = (
			);
			runOnlyForDeploymentPostprocessing = 0;
		};
/* End PBXFrameworksBuildPhase section */

/* Begin PBXGroup section */
		1421E38B209FFAF900A4C208 /* 用队列实现栈 */ = {
			isa = PBXGroup;
			children = (
				1421E38C209FFAF900A4C208 /* main.cpp */,
			);
			path = "用队列实现栈";
			sourceTree = "<group>";
		};
		1421E39620A0021C00A4C208 /* 填充同一层的兄弟节点 II */ = {
			isa = PBXGroup;
			children = (
				1421E39720A0021C00A4C208 /* main.cpp */,
			);
			path = "填充同一层的兄弟节点 II";
			sourceTree = "<group>";
		};
		14773BC420934638006242C6 = {
			isa = PBXGroup;
			children = (
				14773BCF20934638006242C6 /* LeetCode */,
				14773BDC20934647006242C6 /* 两数之和 */,
				14773BE720934BFF006242C6 /* 两数相加 */,
				14E76E802095FEE50095BE75 /* 无重复字符的最长子串 */,
				1421E38B209FFAF900A4C208 /* 用队列实现栈 */,
				1421E39620A0021C00A4C208 /* 填充同一层的兄弟节点 II */,
				14DC84E520A04A4D00F651BD /* 找树左下角的值 */,
				14DC84F020A0785000F651BD /* 删除与获得点数 */,
				14DC84FD20A1D30400F651BD /* 二叉树的右视图 */,
				14DC853420A3E05B00F651BD /* 从中序与后序遍历序列构造二叉树 */,
				14DC853F20A3F42100F651BD /* 翻转字符串里的单词 */,
				14773BCE20934638006242C6 /* Products */,
			);
			sourceTree = "<group>";
		};
		14773BCE20934638006242C6 /* Products */ = {
			isa = PBXGroup;
			children = (
				14773BCD20934638006242C6 /* LeetCode */,
				14773BDB20934647006242C6 /* 两数之和 */,
				14773BE620934BFF006242C6 /* 两数相加 */,
				14E76E7F2095FEE50095BE75 /* 无重复字符的最长子串 */,
				1421E38A209FFAF900A4C208 /* 用队列实现栈 */,
				1421E39520A0021C00A4C208 /* 填充同一层的兄弟节点 II */,
				14DC84E420A04A4D00F651BD /* 找树左下角的值 */,
				14DC84EF20A0785000F651BD /* 删除与获得点数 */,
				14DC84FC20A1D30400F651BD /* 二叉树的右视图 */,
				14DC853320A3E05B00F651BD /* 从中序与后序遍历序列构造二叉树 */,
				14DC853E20A3F42100F651BD /* 翻转字符串里的单词 */,
			);
			name = Products;
			sourceTree = "<group>";
		};
		14773BCF20934638006242C6 /* LeetCode */ = {
			isa = PBXGroup;
			children = (
				14773BD020934638006242C6 /* main.cpp */,
			);
			path = LeetCode;
			sourceTree = "<group>";
		};
		14773BDC20934647006242C6 /* 两数之和 */ = {
			isa = PBXGroup;
			children = (
				14773BDD20934647006242C6 /* main.cpp */,
			);
			path = "两数之和";
			sourceTree = "<group>";
		};
		14773BE720934BFF006242C6 /* 两数相加 */ = {
			isa = PBXGroup;
			children = (
				14773BE820934BFF006242C6 /* main.cpp */,
			);
			path = "两数相加";
			sourceTree = "<group>";
		};
		14DC84E520A04A4D00F651BD /* 找树左下角的值 */ = {
			isa = PBXGroup;
			children = (
				14DC84E620A04A4D00F651BD /* main.cpp */,
			);
			path = "找树左下角的值";
			sourceTree = "<group>";
		};
		14DC84F020A0785000F651BD /* 删除与获得点数 */ = {
			isa = PBXGroup;
			children = (
				14DC84F120A0785000F651BD /* main.cpp */,
			);
			path = "删除与获得点数";
			sourceTree = "<group>";
		};
		14DC84FD20A1D30400F651BD /* 二叉树的右视图 */ = {
			isa = PBXGroup;
			children = (
				14DC84FE20A1D30400F651BD /* main.cpp */,
			);
			path = "二叉树的右视图";
			sourceTree = "<group>";
		};
		14DC853420A3E05B00F651BD /* 从中序与后序遍历序列构造二叉树 */ = {
			isa = PBXGroup;
			children = (
				14DC853520A3E05B00F651BD /* main.cpp */,
			);
			path = "从中序与后序遍历序列构造二叉树";
			sourceTree = "<group>";
		};
		14DC853F20A3F42100F651BD /* 翻转字符串里的单词 */ = {
			isa = PBXGroup;
			children = (
				14DC854020A3F42100F651BD /* main.cpp */,
			);
			path = "翻转字符串里的单词";
			sourceTree = "<group>";
		};
		14E76E802095FEE50095BE75 /* 无重复字符的最长子串 */ = {
			isa = PBXGroup;
			children = (
				14E76E812095FEE50095BE75 /* main.cpp */,
			);
			path = "无重复字符的最长子串";
			sourceTree = "<group>";
		};
/* End PBXGroup section */

/* Begin PBXNativeTarget section */
		1421E389209FFAF900A4C208 /* 用队列实现栈 */ = {
			isa = PBXNativeTarget;
			buildConfigurationList = 1421E390209FFAF900A4C208 /* Build configuration list for PBXNativeTarget "用队列实现栈" */;
			buildPhases = (
				1421E386209FFAF900A4C208 /* Sources */,
				1421E387209FFAF900A4C208 /* Frameworks */,
				1421E388209FFAF900A4C208 /* CopyFiles */,
			);
			buildRules = (
			);
			dependencies = (
			);
			name = "用队列实现栈";
			productName = "用队列实现栈";
			productReference = 1421E38A209FFAF900A4C208 /* 用队列实现栈 */;
			productType = "com.apple.product-type.tool";
		};
		1421E39420A0021C00A4C208 /* 填充同一层的兄弟节点 II */ = {
			isa = PBXNativeTarget;
			buildConfigurationList = 1421E39920A0021C00A4C208 /* Build configuration list for PBXNativeTarget "填充同一层的兄弟节点 II" */;
			buildPhases = (
				1421E39120A0021C00A4C208 /* Sources */,
				1421E39220A0021C00A4C208 /* Frameworks */,
				1421E39320A0021C00A4C208 /* CopyFiles */,
			);
			buildRules = (
			);
			dependencies = (
			);
			name = "填充同一层的兄弟节点 II";
			productName = "填充同一层的兄弟节点 II";
			productReference = 1421E39520A0021C00A4C208 /* 填充同一层的兄弟节点 II */;
			productType = "com.apple.product-type.tool";
		};
		14773BCC20934638006242C6 /* LeetCode */ = {
			isa = PBXNativeTarget;
			buildConfigurationList = 14773BD420934638006242C6 /* Build configuration list for PBXNativeTarget "LeetCode" */;
			buildPhases = (
				14773BC920934638006242C6 /* Sources */,
				14773BCA20934638006242C6 /* Frameworks */,
				14773BCB20934638006242C6 /* CopyFiles */,
			);
			buildRules = (
			);
			dependencies = (
			);
			name = LeetCode;
			productName = LeetCode;
			productReference = 14773BCD20934638006242C6 /* LeetCode */;
			productType = "com.apple.product-type.tool";
		};
		14773BDA20934647006242C6 /* 两数之和 */ = {
			isa = PBXNativeTarget;
			buildConfigurationList = 14773BDF20934647006242C6 /* Build configuration list for PBXNativeTarget "两数之和" */;
			buildPhases = (
				14773BD720934647006242C6 /* Sources */,
				14773BD820934647006242C6 /* Frameworks */,
				14773BD920934647006242C6 /* CopyFiles */,
			);
			buildRules = (
			);
			dependencies = (
			);
			name = "两数之和";
			productName = "两数之和";
			productReference = 14773BDB20934647006242C6 /* 两数之和 */;
			productType = "com.apple.product-type.tool";
		};
		14773BE520934BFF006242C6 /* 两数相加 */ = {
			isa = PBXNativeTarget;
			buildConfigurationList = 14773BEC20934BFF006242C6 /* Build configuration list for PBXNativeTarget "两数相加" */;
			buildPhases = (
				14773BE220934BFF006242C6 /* Sources */,
				14773BE320934BFF006242C6 /* Frameworks */,
				14773BE420934BFF006242C6 /* CopyFiles */,
			);
			buildRules = (
			);
			dependencies = (
			);
			name = "两数相加";
			productName = "两数相加";
			productReference = 14773BE620934BFF006242C6 /* 两数相加 */;
			productType = "com.apple.product-type.tool";
		};
		14DC84E320A04A4D00F651BD /* 找树左下角的值 */ = {
			isa = PBXNativeTarget;
			buildConfigurationList = 14DC84EA20A04A4D00F651BD /* Build configuration list for PBXNativeTarget "找树左下角的值" */;
			buildPhases = (
				14DC84E020A04A4D00F651BD /* Sources */,
				14DC84E120A04A4D00F651BD /* Frameworks */,
				14DC84E220A04A4D00F651BD /* CopyFiles */,
			);
			buildRules = (
			);
			dependencies = (
			);
			name = "找树左下角的值";
			productName = "找树左下角的值";
			productReference = 14DC84E420A04A4D00F651BD /* 找树左下角的值 */;
			productType = "com.apple.product-type.tool";
		};
		14DC84EE20A0785000F651BD /* 删除与获得点数 */ = {
			isa = PBXNativeTarget;
			buildConfigurationList = 14DC84F320A0785000F651BD /* Build configuration list for PBXNativeTarget "删除与获得点数" */;
			buildPhases = (
				14DC84EB20A0785000F651BD /* Sources */,
				14DC84EC20A0785000F651BD /* Frameworks */,
				14DC84ED20A0785000F651BD /* CopyFiles */,
			);
			buildRules = (
			);
			dependencies = (
			);
			name = "删除与获得点数";
			productName = "删除与获得点数";
			productReference = 14DC84EF20A0785000F651BD /* 删除与获得点数 */;
			productType = "com.apple.product-type.tool";
		};
		14DC84FB20A1D30400F651BD /* 二叉树的右视图 */ = {
			isa = PBXNativeTarget;
			buildConfigurationList = 14DC850220A1D30400F651BD /* Build configuration list for PBXNativeTarget "二叉树的右视图" */;
			buildPhases = (
				14DC84F820A1D30400F651BD /* Sources */,
				14DC84F920A1D30400F651BD /* Frameworks */,
				14DC84FA20A1D30400F651BD /* CopyFiles */,
			);
			buildRules = (
			);
			dependencies = (
			);
			name = "二叉树的右视图";
			productName = "二叉树的右视图";
			productReference = 14DC84FC20A1D30400F651BD /* 二叉树的右视图 */;
			productType = "com.apple.product-type.tool";
		};
		14DC853220A3E05B00F651BD /* 从中序与后序遍历序列构造二叉树 */ = {
			isa = PBXNativeTarget;
			buildConfigurationList = 14DC853920A3E05B00F651BD /* Build configuration list for PBXNativeTarget "从中序与后序遍历序列构造二叉树" */;
			buildPhases = (
				14DC852F20A3E05B00F651BD /* Sources */,
				14DC853020A3E05B00F651BD /* Frameworks */,
				14DC853120A3E05B00F651BD /* CopyFiles */,
			);
			buildRules = (
			);
			dependencies = (
			);
			name = "从中序与后序遍历序列构造二叉树";
			productName = "从中序与后序遍历序列构造二叉树";
			productReference = 14DC853320A3E05B00F651BD /* 从中序与后序遍历序列构造二叉树 */;
			productType = "com.apple.product-type.tool";
		};
		14DC853D20A3F42100F651BD /* 翻转字符串里的单词 */ = {
			isa = PBXNativeTarget;
			buildConfigurationList = 14DC854220A3F42100F651BD /* Build configuration list for PBXNativeTarget "翻转字符串里的单词" */;
			buildPhases = (
				14DC853A20A3F42100F651BD /* Sources */,
				14DC853B20A3F42100F651BD /* Frameworks */,
				14DC853C20A3F42100F651BD /* CopyFiles */,
			);
			buildRules = (
			);
			dependencies = (
			);
			name = "翻转字符串里的单词";
			productName = "翻转字符串里的单词";
			productReference = 14DC853E20A3F42100F651BD /* 翻转字符串里的单词 */;
			productType = "com.apple.product-type.tool";
		};
		14E76E7E2095FEE50095BE75 /* 无重复字符的最长子串 */ = {
			isa = PBXNativeTarget;
			buildConfigurationList = 14E76E852095FEE50095BE75 /* Build configuration list for PBXNativeTarget "无重复字符的最长子串" */;
			buildPhases = (
				14E76E7B2095FEE50095BE75 /* Sources */,
				14E76E7C2095FEE50095BE75 /* Frameworks */,
				14E76E7D2095FEE50095BE75 /* CopyFiles */,
			);
			buildRules = (
			);
			dependencies = (
			);
			name = "无重复字符的最长子串";
			productName = "无重复字符的最长子串";
			productReference = 14E76E7F2095FEE50095BE75 /* 无重复字符的最长子串 */;
			productType = "com.apple.product-type.tool";
		};
/* End PBXNativeTarget section */

/* Begin PBXProject section */
		14773BC520934638006242C6 /* Project object */ = {
			isa = PBXProject;
			attributes = {
				LastUpgradeCheck = 0920;
				ORGANIZATIONNAME = "成";
				TargetAttributes = {
					1421E389209FFAF900A4C208 = {
						CreatedOnToolsVersion = 9.2;
						ProvisioningStyle = Automatic;
					};
					1421E39420A0021C00A4C208 = {
						CreatedOnToolsVersion = 9.2;
						ProvisioningStyle = Automatic;
					};
					14773BCC20934638006242C6 = {
						CreatedOnToolsVersion = 9.2;
						ProvisioningStyle = Automatic;
					};
					14773BDA20934647006242C6 = {
						CreatedOnToolsVersion = 9.2;
						ProvisioningStyle = Automatic;
					};
					14773BE520934BFF006242C6 = {
						CreatedOnToolsVersion = 9.2;
						ProvisioningStyle = Automatic;
					};
					14DC84E320A04A4D00F651BD = {
						CreatedOnToolsVersion = 9.2;
						ProvisioningStyle = Automatic;
					};
					14DC84EE20A0785000F651BD = {
						CreatedOnToolsVersion = 9.2;
						ProvisioningStyle = Automatic;
					};
					14DC84FB20A1D30400F651BD = {
						CreatedOnToolsVersion = 9.2;
						ProvisioningStyle = Automatic;
					};
					14DC853220A3E05B00F651BD = {
						CreatedOnToolsVersion = 9.2;
						ProvisioningStyle = Automatic;
					};
					14DC853D20A3F42100F651BD = {
						CreatedOnToolsVersion = 9.2;
						ProvisioningStyle = Automatic;
					};
					14E76E7E2095FEE50095BE75 = {
						CreatedOnToolsVersion = 9.2;
						ProvisioningStyle = Automatic;
					};
				};
			};
			buildConfigurationList = 14773BC820934638006242C6 /* Build configuration list for PBXProject "LeetCode" */;
			compatibilityVersion = "Xcode 8.0";
			developmentRegion = en;
			hasScannedForEncodings = 0;
			knownRegions = (
				en,
			);
			mainGroup = 14773BC420934638006242C6;
			productRefGroup = 14773BCE20934638006242C6 /* Products */;
			projectDirPath = "";
			projectRoot = "";
			targets = (
				14773BCC20934638006242C6 /* LeetCode */,
				14773BDA20934647006242C6 /* 两数之和 */,
				14773BE520934BFF006242C6 /* 两数相加 */,
				14E76E7E2095FEE50095BE75 /* 无重复字符的最长子串 */,
				1421E389209FFAF900A4C208 /* 用队列实现栈 */,
				1421E39420A0021C00A4C208 /* 填充同一层的兄弟节点 II */,
				14DC84E320A04A4D00F651BD /* 找树左下角的值 */,
				14DC84EE20A0785000F651BD /* 删除与获得点数 */,
				14DC84FB20A1D30400F651BD /* 二叉树的右视图 */,
				14DC853220A3E05B00F651BD /* 从中序与后序遍历序列构造二叉树 */,
				14DC853D20A3F42100F651BD /* 翻转字符串里的单词 */,
			);
		};
/* End PBXProject section */

/* Begin PBXSourcesBuildPhase section */
		1421E386209FFAF900A4C208 /* Sources */ = {
			isa = PBXSourcesBuildPhase;
			buildActionMask = 2147483647;
			files = (
				1421E38D209FFAF900A4C208 /* main.cpp in Sources */,
			);
			runOnlyForDeploymentPostprocessing = 0;
		};
		1421E39120A0021C00A4C208 /* Sources */ = {
			isa = PBXSourcesBuildPhase;
			buildActionMask = 2147483647;
			files = (
				1421E39820A0021C00A4C208 /* main.cpp in Sources */,
			);
			runOnlyForDeploymentPostprocessing = 0;
		};
		14773BC920934638006242C6 /* Sources */ = {
			isa = PBXSourcesBuildPhase;
			buildActionMask = 2147483647;
			files = (
				14773BD120934638006242C6 /* main.cpp in Sources */,
			);
			runOnlyForDeploymentPostprocessing = 0;
		};
		14773BD720934647006242C6 /* Sources */ = {
			isa = PBXSourcesBuildPhase;
			buildActionMask = 2147483647;
			files = (
				14773BDE20934647006242C6 /* main.cpp in Sources */,
			);
			runOnlyForDeploymentPostprocessing = 0;
		};
		14773BE220934BFF006242C6 /* Sources */ = {
			isa = PBXSourcesBuildPhase;
			buildActionMask = 2147483647;
			files = (
				14773BE920934BFF006242C6 /* main.cpp in Sources */,
			);
			runOnlyForDeploymentPostprocessing = 0;
		};
		14DC84E020A04A4D00F651BD /* Sources */ = {
			isa = PBXSourcesBuildPhase;
			buildActionMask = 2147483647;
			files = (
				14DC84E720A04A4D00F651BD /* main.cpp in Sources */,
			);
			runOnlyForDeploymentPostprocessing = 0;
		};
		14DC84EB20A0785000F651BD /* Sources */ = {
			isa = PBXSourcesBuildPhase;
			buildActionMask = 2147483647;
			files = (
				14DC84F220A0785000F651BD /* main.cpp in Sources */,
			);
			runOnlyForDeploymentPostprocessing = 0;
		};
		14DC84F820A1D30400F651BD /* Sources */ = {
			isa = PBXSourcesBuildPhase;
			buildActionMask = 2147483647;
			files = (
				14DC84FF20A1D30400F651BD /* main.cpp in Sources */,
			);
			runOnlyForDeploymentPostprocessing = 0;
		};
		14DC852F20A3E05B00F651BD /* Sources */ = {
			isa = PBXSourcesBuildPhase;
			buildActionMask = 2147483647;
			files = (
				14DC853620A3E05B00F651BD /* main.cpp in Sources */,
			);
			runOnlyForDeploymentPostprocessing = 0;
		};
		14DC853A20A3F42100F651BD /* Sources */ = {
			isa = PBXSourcesBuildPhase;
			buildActionMask = 2147483647;
			files = (
				14DC854120A3F42100F651BD /* main.cpp in Sources */,
			);
			runOnlyForDeploymentPostprocessing = 0;
		};
		14E76E7B2095FEE50095BE75 /* Sources */ = {
			isa = PBXSourcesBuildPhase;
			buildActionMask = 2147483647;
			files = (
				14E76E822095FEE50095BE75 /* main.cpp in Sources */,
			);
			runOnlyForDeploymentPostprocessing = 0;
		};
/* End PBXSourcesBuildPhase section */

/* Begin XCBuildConfiguration section */
		1421E38E209FFAF900A4C208 /* Debug */ = {
			isa = XCBuildConfiguration;
			buildSettings = {
				CODE_SIGN_STYLE = Automatic;
				PRODUCT_NAME = "$(TARGET_NAME)";
			};
			name = Debug;
		};
		1421E38F209FFAF900A4C208 /* Release */ = {
			isa = XCBuildConfiguration;
			buildSettings = {
				CODE_SIGN_STYLE = Automatic;
				PRODUCT_NAME = "$(TARGET_NAME)";
			};
			name = Release;
		};
		1421E39A20A0021C00A4C208 /* Debug */ = {
			isa = XCBuildConfiguration;
			buildSettings = {
				CODE_SIGN_STYLE = Automatic;
				PRODUCT_NAME = "$(TARGET_NAME)";
			};
			name = Debug;
		};
		1421E39B20A0021C00A4C208 /* Release */ = {
			isa = XCBuildConfiguration;
			buildSettings = {
				CODE_SIGN_STYLE = Automatic;
				PRODUCT_NAME = "$(TARGET_NAME)";
			};
			name = Release;
		};
		14773BD220934638006242C6 /* Debug */ = {
			isa = XCBuildConfiguration;
			buildSettings = {
				ALWAYS_SEARCH_USER_PATHS = NO;
				CLANG_ANALYZER_NONNULL = YES;
				CLANG_ANALYZER_NUMBER_OBJECT_CONVERSION = YES_AGGRESSIVE;
				CLANG_CXX_LANGUAGE_STANDARD = "gnu++14";
				CLANG_CXX_LIBRARY = "libc++";
				CLANG_ENABLE_MODULES = YES;
				CLANG_ENABLE_OBJC_ARC = YES;
				CLANG_WARN_BLOCK_CAPTURE_AUTORELEASING = YES;
				CLANG_WARN_BOOL_CONVERSION = YES;
				CLANG_WARN_COMMA = YES;
				CLANG_WARN_CONSTANT_CONVERSION = YES;
				CLANG_WARN_DIRECT_OBJC_ISA_USAGE = YES_ERROR;
				CLANG_WARN_DOCUMENTATION_COMMENTS = YES;
				CLANG_WARN_EMPTY_BODY = YES;
				CLANG_WARN_ENUM_CONVERSION = YES;
				CLANG_WARN_INFINITE_RECURSION = YES;
				CLANG_WARN_INT_CONVERSION = YES;
				CLANG_WARN_NON_LITERAL_NULL_CONVERSION = YES;
				CLANG_WARN_OBJC_LITERAL_CONVERSION = YES;
				CLANG_WARN_OBJC_ROOT_CLASS = YES_ERROR;
				CLANG_WARN_RANGE_LOOP_ANALYSIS = YES;
				CLANG_WARN_STRICT_PROTOTYPES = YES;
				CLANG_WARN_SUSPICIOUS_MOVE = YES;
				CLANG_WARN_UNGUARDED_AVAILABILITY = YES_AGGRESSIVE;
				CLANG_WARN_UNREACHABLE_CODE = YES;
				CLANG_WARN__DUPLICATE_METHOD_MATCH = YES;
				CODE_SIGN_IDENTITY = "-";
				COPY_PHASE_STRIP = NO;
				DEBUG_INFORMATION_FORMAT = dwarf;
				ENABLE_STRICT_OBJC_MSGSEND = YES;
				ENABLE_TESTABILITY = YES;
				GCC_C_LANGUAGE_STANDARD = gnu11;
				GCC_DYNAMIC_NO_PIC = NO;
				GCC_NO_COMMON_BLOCKS = YES;
				GCC_OPTIMIZATION_LEVEL = 0;
				GCC_PREPROCESSOR_DEFINITIONS = (
					"DEBUG=1",
					"$(inherited)",
				);
				GCC_WARN_64_TO_32_BIT_CONVERSION = YES;
				GCC_WARN_ABOUT_RETURN_TYPE = YES_ERROR;
				GCC_WARN_UNDECLARED_SELECTOR = YES;
				GCC_WARN_UNINITIALIZED_AUTOS = YES_AGGRESSIVE;
				GCC_WARN_UNUSED_FUNCTION = YES;
				GCC_WARN_UNUSED_VARIABLE = YES;
				MACOSX_DEPLOYMENT_TARGET = 10.12;
				MTL_ENABLE_DEBUG_INFO = YES;
				ONLY_ACTIVE_ARCH = YES;
				SDKROOT = macosx;
			};
			name = Debug;
		};
		14773BD320934638006242C6 /* Release */ = {
			isa = XCBuildConfiguration;
			buildSettings = {
				ALWAYS_SEARCH_USER_PATHS = NO;
				CLANG_ANALYZER_NONNULL = YES;
				CLANG_ANALYZER_NUMBER_OBJECT_CONVERSION = YES_AGGRESSIVE;
				CLANG_CXX_LANGUAGE_STANDARD = "gnu++14";
				CLANG_CXX_LIBRARY = "libc++";
				CLANG_ENABLE_MODULES = YES;
				CLANG_ENABLE_OBJC_ARC = YES;
				CLANG_WARN_BLOCK_CAPTURE_AUTORELEASING = YES;
				CLANG_WARN_BOOL_CONVERSION = YES;
				CLANG_WARN_COMMA = YES;
				CLANG_WARN_CONSTANT_CONVERSION = YES;
				CLANG_WARN_DIRECT_OBJC_ISA_USAGE = YES_ERROR;
				CLANG_WARN_DOCUMENTATION_COMMENTS = YES;
				CLANG_WARN_EMPTY_BODY = YES;
				CLANG_WARN_ENUM_CONVERSION = YES;
				CLANG_WARN_INFINITE_RECURSION = YES;
				CLANG_WARN_INT_CONVERSION = YES;
				CLANG_WARN_NON_LITERAL_NULL_CONVERSION = YES;
				CLANG_WARN_OBJC_LITERAL_CONVERSION = YES;
				CLANG_WARN_OBJC_ROOT_CLASS = YES_ERROR;
				CLANG_WARN_RANGE_LOOP_ANALYSIS = YES;
				CLANG_WARN_STRICT_PROTOTYPES = YES;
				CLANG_WARN_SUSPICIOUS_MOVE = YES;
				CLANG_WARN_UNGUARDED_AVAILABILITY = YES_AGGRESSIVE;
				CLANG_WARN_UNREACHABLE_CODE = YES;
				CLANG_WARN__DUPLICATE_METHOD_MATCH = YES;
				CODE_SIGN_IDENTITY = "-";
				COPY_PHASE_STRIP = NO;
				DEBUG_INFORMATION_FORMAT = "dwarf-with-dsym";
				ENABLE_NS_ASSERTIONS = NO;
				ENABLE_STRICT_OBJC_MSGSEND = YES;
				GCC_C_LANGUAGE_STANDARD = gnu11;
				GCC_NO_COMMON_BLOCKS = YES;
				GCC_WARN_64_TO_32_BIT_CONVERSION = YES;
				GCC_WARN_ABOUT_RETURN_TYPE = YES_ERROR;
				GCC_WARN_UNDECLARED_SELECTOR = YES;
				GCC_WARN_UNINITIALIZED_AUTOS = YES_AGGRESSIVE;
				GCC_WARN_UNUSED_FUNCTION = YES;
				GCC_WARN_UNUSED_VARIABLE = YES;
				MACOSX_DEPLOYMENT_TARGET = 10.12;
				MTL_ENABLE_DEBUG_INFO = NO;
				SDKROOT = macosx;
			};
			name = Release;
		};
		14773BD520934638006242C6 /* Debug */ = {
			isa = XCBuildConfiguration;
			buildSettings = {
				CODE_SIGN_STYLE = Automatic;
				PRODUCT_NAME = "$(TARGET_NAME)";
			};
			name = Debug;
		};
		14773BD620934638006242C6 /* Release */ = {
			isa = XCBuildConfiguration;
			buildSettings = {
				CODE_SIGN_STYLE = Automatic;
				PRODUCT_NAME = "$(TARGET_NAME)";
			};
			name = Release;
		};
		14773BE020934647006242C6 /* Debug */ = {
			isa = XCBuildConfiguration;
			buildSettings = {
				CODE_SIGN_STYLE = Automatic;
				PRODUCT_NAME = "$(TARGET_NAME)";
			};
			name = Debug;
		};
		14773BE120934647006242C6 /* Release */ = {
			isa = XCBuildConfiguration;
			buildSettings = {
				CODE_SIGN_STYLE = Automatic;
				PRODUCT_NAME = "$(TARGET_NAME)";
			};
			name = Release;
		};
		14773BEA20934BFF006242C6 /* Debug */ = {
			isa = XCBuildConfiguration;
			buildSettings = {
				CODE_SIGN_STYLE = Automatic;
				PRODUCT_NAME = "$(TARGET_NAME)";
			};
			name = Debug;
		};
		14773BEB20934BFF006242C6 /* Release */ = {
			isa = XCBuildConfiguration;
			buildSettings = {
				CODE_SIGN_STYLE = Automatic;
				PRODUCT_NAME = "$(TARGET_NAME)";
			};
			name = Release;
		};
		14DC84E820A04A4D00F651BD /* Debug */ = {
			isa = XCBuildConfiguration;
			buildSettings = {
				CODE_SIGN_STYLE = Automatic;
				PRODUCT_NAME = "$(TARGET_NAME)";
			};
			name = Debug;
		};
		14DC84E920A04A4D00F651BD /* Release */ = {
			isa = XCBuildConfiguration;
			buildSettings = {
				CODE_SIGN_STYLE = Automatic;
				PRODUCT_NAME = "$(TARGET_NAME)";
			};
			name = Release;
		};
		14DC84F420A0785000F651BD /* Debug */ = {
			isa = XCBuildConfiguration;
			buildSettings = {
				CODE_SIGN_STYLE = Automatic;
				PRODUCT_NAME = "$(TARGET_NAME)";
			};
			name = Debug;
		};
		14DC84F520A0785000F651BD /* Release */ = {
			isa = XCBuildConfiguration;
			buildSettings = {
				CODE_SIGN_STYLE = Automatic;
				PRODUCT_NAME = "$(TARGET_NAME)";
			};
			name = Release;
		};
		14DC850020A1D30400F651BD /* Debug */ = {
			isa = XCBuildConfiguration;
			buildSettings = {
				CODE_SIGN_STYLE = Automatic;
				PRODUCT_NAME = "$(TARGET_NAME)";
			};
			name = Debug;
		};
		14DC850120A1D30400F651BD /* Release */ = {
			isa = XCBuildConfiguration;
			buildSettings = {
				CODE_SIGN_STYLE = Automatic;
				PRODUCT_NAME = "$(TARGET_NAME)";
			};
			name = Release;
		};
		14DC853720A3E05B00F651BD /* Debug */ = {
			isa = XCBuildConfiguration;
			buildSettings = {
				CODE_SIGN_STYLE = Automatic;
				PRODUCT_NAME = "$(TARGET_NAME)";
			};
			name = Debug;
		};
		14DC853820A3E05B00F651BD /* Release */ = {
			isa = XCBuildConfiguration;
			buildSettings = {
				CODE_SIGN_STYLE = Automatic;
				PRODUCT_NAME = "$(TARGET_NAME)";
			};
			name = Release;
		};
		14DC854320A3F42100F651BD /* Debug */ = {
			isa = XCBuildConfiguration;
			buildSettings = {
				CODE_SIGN_STYLE = Automatic;
				PRODUCT_NAME = "$(TARGET_NAME)";
			};
			name = Debug;
		};
		14DC854420A3F42100F651BD /* Release */ = {
			isa = XCBuildConfiguration;
			buildSettings = {
				CODE_SIGN_STYLE = Automatic;
				PRODUCT_NAME = "$(TARGET_NAME)";
			};
			name = Release;
		};
		14E76E832095FEE50095BE75 /* Debug */ = {
			isa = XCBuildConfiguration;
			buildSettings = {
				CODE_SIGN_STYLE = Automatic;
				PRODUCT_NAME = "$(TARGET_NAME)";
			};
			name = Debug;
		};
		14E76E842095FEE50095BE75 /* Release */ = {
			isa = XCBuildConfiguration;
			buildSettings = {
				CODE_SIGN_STYLE = Automatic;
				PRODUCT_NAME = "$(TARGET_NAME)";
			};
			name = Release;
		};
/* End XCBuildConfiguration section */

/* Begin XCConfigurationList section */
		1421E390209FFAF900A4C208 /* Build configuration list for PBXNativeTarget "用队列实现栈" */ = {
			isa = XCConfigurationList;
			buildConfigurations = (
				1421E38E209FFAF900A4C208 /* Debug */,
				1421E38F209FFAF900A4C208 /* Release */,
			);
			defaultConfigurationIsVisible = 0;
			defaultConfigurationName = Release;
		};
		1421E39920A0021C00A4C208 /* Build configuration list for PBXNativeTarget "填充同一层的兄弟节点 II" */ = {
			isa = XCConfigurationList;
			buildConfigurations = (
				1421E39A20A0021C00A4C208 /* Debug */,
				1421E39B20A0021C00A4C208 /* Release */,
			);
			defaultConfigurationIsVisible = 0;
			defaultConfigurationName = Release;
		};
		14773BC820934638006242C6 /* Build configuration list for PBXProject "LeetCode" */ = {
			isa = XCConfigurationList;
			buildConfigurations = (
				14773BD220934638006242C6 /* Debug */,
				14773BD320934638006242C6 /* Release */,
			);
			defaultConfigurationIsVisible = 0;
			defaultConfigurationName = Release;
		};
		14773BD420934638006242C6 /* Build configuration list for PBXNativeTarget "LeetCode" */ = {
			isa = XCConfigurationList;
			buildConfigurations = (
				14773BD520934638006242C6 /* Debug */,
				14773BD620934638006242C6 /* Release */,
			);
			defaultConfigurationIsVisible = 0;
			defaultConfigurationName = Release;
		};
		14773BDF20934647006242C6 /* Build configuration list for PBXNativeTarget "两数之和" */ = {
			isa = XCConfigurationList;
			buildConfigurations = (
				14773BE020934647006242C6 /* Debug */,
				14773BE120934647006242C6 /* Release */,
			);
			defaultConfigurationIsVisible = 0;
			defaultConfigurationName = Release;
		};
		14773BEC20934BFF006242C6 /* Build configuration list for PBXNativeTarget "两数相加" */ = {
			isa = XCConfigurationList;
			buildConfigurations = (
				14773BEA20934BFF006242C6 /* Debug */,
				14773BEB20934BFF006242C6 /* Release */,
			);
			defaultConfigurationIsVisible = 0;
			defaultConfigurationName = Release;
		};
		14DC84EA20A04A4D00F651BD /* Build configuration list for PBXNativeTarget "找树左下角的值" */ = {
			isa = XCConfigurationList;
			buildConfigurations = (
				14DC84E820A04A4D00F651BD /* Debug */,
				14DC84E920A04A4D00F651BD /* Release */,
			);
			defaultConfigurationIsVisible = 0;
			defaultConfigurationName = Release;
		};
		14DC84F320A0785000F651BD /* Build configuration list for PBXNativeTarget "删除与获得点数" */ = {
			isa = XCConfigurationList;
			buildConfigurations = (
				14DC84F420A0785000F651BD /* Debug */,
				14DC84F520A0785000F651BD /* Release */,
			);
			defaultConfigurationIsVisible = 0;
			defaultConfigurationName = Release;
		};
		14DC850220A1D30400F651BD /* Build configuration list for PBXNativeTarget "二叉树的右视图" */ = {
			isa = XCConfigurationList;
			buildConfigurations = (
				14DC850020A1D30400F651BD /* Debug */,
				14DC850120A1D30400F651BD /* Release */,
			);
			defaultConfigurationIsVisible = 0;
			defaultConfigurationName = Release;
		};
		14DC853920A3E05B00F651BD /* Build configuration list for PBXNativeTarget "从中序与后序遍历序列构造二叉树" */ = {
			isa = XCConfigurationList;
			buildConfigurations = (
				14DC853720A3E05B00F651BD /* Debug */,
				14DC853820A3E05B00F651BD /* Release */,
			);
			defaultConfigurationIsVisible = 0;
			defaultConfigurationName = Release;
		};
		14DC854220A3F42100F651BD /* Build configuration list for PBXNativeTarget "翻转字符串里的单词" */ = {
			isa = XCConfigurationList;
			buildConfigurations = (
				14DC854320A3F42100F651BD /* Debug */,
				14DC854420A3F42100F651BD /* Release */,
			);
			defaultConfigurationIsVisible = 0;
			defaultConfigurationName = Release;
		};
		14E76E852095FEE50095BE75 /* Build configuration list for PBXNativeTarget "无重复字符的最长子串" */ = {
			isa = XCConfigurationList;
			buildConfigurations = (
				14E76E832095FEE50095BE75 /* Debug */,
				14E76E842095FEE50095BE75 /* Release */,
			);
			defaultConfigurationIsVisible = 0;
			defaultConfigurationName = Release;
		};
/* End XCConfigurationList section */
	};
	rootObject = 14773BC520934638006242C6 /* Project object */;
}
