// !$*UTF8*$!
{
	archiveVersion = 1;
	classes = {
	};
	objectVersion = 48;
	objects = {

/* Begin PBXBuildFile section */
		1418C42020B0021B006C1AF7 /* main.cpp in Sources */ = {isa = PBXBuildFile; fileRef = 1418C41F20B0021B006C1AF7 /* main.cpp */; };
		1421E38D209FFAF900A4C208 /* main.cpp in Sources */ = {isa = PBXBuildFile; fileRef = 1421E38C209FFAF900A4C208 /* main.cpp */; };
		1421E39820A0021C00A4C208 /* main.cpp in Sources */ = {isa = PBXBuildFile; fileRef = 1421E39720A0021C00A4C208 /* main.cpp */; };
		1473761F21154715004523D7 /* main.cpp in Sources */ = {isa = PBXBuildFile; fileRef = 1473761E21154715004523D7 /* main.cpp */; };
		14773BD120934638006242C6 /* main.cpp in Sources */ = {isa = PBXBuildFile; fileRef = 14773BD020934638006242C6 /* main.cpp */; };
		14773BDE20934647006242C6 /* main.cpp in Sources */ = {isa = PBXBuildFile; fileRef = 14773BDD20934647006242C6 /* main.cpp */; };
		14773BE920934BFF006242C6 /* main.cpp in Sources */ = {isa = PBXBuildFile; fileRef = 14773BE820934BFF006242C6 /* main.cpp */; };
		1488244920A8705B00BD4766 /* main.cpp in Sources */ = {isa = PBXBuildFile; fileRef = 1488244820A8705B00BD4766 /* main.cpp */; };
		1488245420A9BDCF00BD4766 /* main.cpp in Sources */ = {isa = PBXBuildFile; fileRef = 1488245320A9BDCF00BD4766 /* main.cpp */; };
		149CEB64210CCB9700690132 /* main.cpp in Sources */ = {isa = PBXBuildFile; fileRef = 149CEB63210CCB9700690132 /* main.cpp */; };
		14A9F035210FEA9500901702 /* main.cpp in Sources */ = {isa = PBXBuildFile; fileRef = 14A9F034210FEA9500901702 /* main.cpp */; };
		14A9F04221113B3400901702 /* main.cpp in Sources */ = {isa = PBXBuildFile; fileRef = 14A9F04121113B3400901702 /* main.cpp */; };
		14C9F20C211180AA00F5AD29 /* main.cpp in Sources */ = {isa = PBXBuildFile; fileRef = 14C9F20B211180AA00F5AD29 /* main.cpp */; };
		14C9F2172112B1D200F5AD29 /* main.cpp in Sources */ = {isa = PBXBuildFile; fileRef = 14C9F2162112B1D200F5AD29 /* main.cpp */; };
		14CB0E47210B6BF1005D8C45 /* main.cpp in Sources */ = {isa = PBXBuildFile; fileRef = 14CB0E46210B6BF1005D8C45 /* main.cpp */; };
		14D581982108CCBF006E932E /* main.cpp in Sources */ = {isa = PBXBuildFile; fileRef = 14D581972108CCBF006E932E /* main.cpp */; };
		14DC84E720A04A4D00F651BD /* main.cpp in Sources */ = {isa = PBXBuildFile; fileRef = 14DC84E620A04A4D00F651BD /* main.cpp */; };
		14DC84F220A0785000F651BD /* main.cpp in Sources */ = {isa = PBXBuildFile; fileRef = 14DC84F120A0785000F651BD /* main.cpp */; };
		14DC84FF20A1D30400F651BD /* main.cpp in Sources */ = {isa = PBXBuildFile; fileRef = 14DC84FE20A1D30400F651BD /* main.cpp */; };
		14DC853620A3E05B00F651BD /* main.cpp in Sources */ = {isa = PBXBuildFile; fileRef = 14DC853520A3E05B00F651BD /* main.cpp */; };
		14DC854120A3F42100F651BD /* main.cpp in Sources */ = {isa = PBXBuildFile; fileRef = 14DC854020A3F42100F651BD /* main.cpp */; };
		14E76E822095FEE50095BE75 /* main.cpp in Sources */ = {isa = PBXBuildFile; fileRef = 14E76E812095FEE50095BE75 /* main.cpp */; };
		14F7C8C72113E83800CDE135 /* main.cpp in Sources */ = {isa = PBXBuildFile; fileRef = 14F7C8C62113E83800CDE135 /* main.cpp */; };
		14F7C8D22113F2E800CDE135 /* main.cpp in Sources */ = {isa = PBXBuildFile; fileRef = 14F7C8D12113F2E800CDE135 /* main.cpp */; };
/* End PBXBuildFile section */

/* Begin PBXCopyFilesBuildPhase section */
		1418C41B20B0021B006C1AF7 /* CopyFiles */ = {
			isa = PBXCopyFilesBuildPhase;
			buildActionMask = 2147483647;
			dstPath = /usr/share/man/man1/;
			dstSubfolderSpec = 0;
			files = (
			);
			runOnlyForDeploymentPostprocessing = 1;
		};
		1421E388209FFAF900A4C208 /* CopyFiles */ = {
			isa = PBXCopyFilesBuildPhase;
			buildActionMask = 2147483647;
			dstPath = /usr/share/man/man1/;
			dstSubfolderSpec = 0;
			files = (
			);
			runOnlyForDeploymentPostprocessing = 1;
		};
		1421E39320A0021C00A4C208 /* CopyFiles */ = {
			isa = PBXCopyFilesBuildPhase;
			buildActionMask = 2147483647;
			dstPath = /usr/share/man/man1/;
			dstSubfolderSpec = 0;
			files = (
			);
			runOnlyForDeploymentPostprocessing = 1;
		};
		1473761A21154715004523D7 /* CopyFiles */ = {
			isa = PBXCopyFilesBuildPhase;
			buildActionMask = 2147483647;
			dstPath = /usr/share/man/man1/;
			dstSubfolderSpec = 0;
			files = (
			);
			runOnlyForDeploymentPostprocessing = 1;
		};
		14773BCB20934638006242C6 /* CopyFiles */ = {
			isa = PBXCopyFilesBuildPhase;
			buildActionMask = 2147483647;
			dstPath = /usr/share/man/man1/;
			dstSubfolderSpec = 0;
			files = (
			);
			runOnlyForDeploymentPostprocessing = 1;
		};
		14773BD920934647006242C6 /* CopyFiles */ = {
			isa = PBXCopyFilesBuildPhase;
			buildActionMask = 2147483647;
			dstPath = /usr/share/man/man1/;
			dstSubfolderSpec = 0;
			files = (
			);
			runOnlyForDeploymentPostprocessing = 1;
		};
		14773BE420934BFF006242C6 /* CopyFiles */ = {
			isa = PBXCopyFilesBuildPhase;
			buildActionMask = 2147483647;
			dstPath = /usr/share/man/man1/;
			dstSubfolderSpec = 0;
			files = (
			);
			runOnlyForDeploymentPostprocessing = 1;
		};
		1488244420A8705B00BD4766 /* CopyFiles */ = {
			isa = PBXCopyFilesBuildPhase;
			buildActionMask = 2147483647;
			dstPath = /usr/share/man/man1/;
			dstSubfolderSpec = 0;
			files = (
			);
			runOnlyForDeploymentPostprocessing = 1;
		};
		1488244F20A9BDCF00BD4766 /* CopyFiles */ = {
			isa = PBXCopyFilesBuildPhase;
			buildActionMask = 2147483647;
			dstPath = /usr/share/man/man1/;
			dstSubfolderSpec = 0;
			files = (
			);
			runOnlyForDeploymentPostprocessing = 1;
		};
		149CEB5F210CCB9700690132 /* CopyFiles */ = {
			isa = PBXCopyFilesBuildPhase;
			buildActionMask = 2147483647;
			dstPath = /usr/share/man/man1/;
			dstSubfolderSpec = 0;
			files = (
			);
			runOnlyForDeploymentPostprocessing = 1;
		};
		14A9F030210FEA9500901702 /* CopyFiles */ = {
			isa = PBXCopyFilesBuildPhase;
			buildActionMask = 2147483647;
			dstPath = /usr/share/man/man1/;
			dstSubfolderSpec = 0;
			files = (
			);
			runOnlyForDeploymentPostprocessing = 1;
		};
		14A9F03D21113B3400901702 /* CopyFiles */ = {
			isa = PBXCopyFilesBuildPhase;
			buildActionMask = 2147483647;
			dstPath = /usr/share/man/man1/;
			dstSubfolderSpec = 0;
			files = (
			);
			runOnlyForDeploymentPostprocessing = 1;
		};
		14C9F207211180AA00F5AD29 /* CopyFiles */ = {
			isa = PBXCopyFilesBuildPhase;
			buildActionMask = 2147483647;
			dstPath = /usr/share/man/man1/;
			dstSubfolderSpec = 0;
			files = (
			);
			runOnlyForDeploymentPostprocessing = 1;
		};
		14C9F2122112B1D100F5AD29 /* CopyFiles */ = {
			isa = PBXCopyFilesBuildPhase;
			buildActionMask = 2147483647;
			dstPath = /usr/share/man/man1/;
			dstSubfolderSpec = 0;
			files = (
			);
			runOnlyForDeploymentPostprocessing = 1;
		};
		14CB0E42210B6BF1005D8C45 /* CopyFiles */ = {
			isa = PBXCopyFilesBuildPhase;
			buildActionMask = 2147483647;
			dstPath = /usr/share/man/man1/;
			dstSubfolderSpec = 0;
			files = (
			);
			runOnlyForDeploymentPostprocessing = 1;
		};
		14D581932108CCBF006E932E /* CopyFiles */ = {
			isa = PBXCopyFilesBuildPhase;
			buildActionMask = 2147483647;
			dstPath = /usr/share/man/man1/;
			dstSubfolderSpec = 0;
			files = (
			);
			runOnlyForDeploymentPostprocessing = 1;
		};
		14DC84E220A04A4D00F651BD /* CopyFiles */ = {
			isa = PBXCopyFilesBuildPhase;
			buildActionMask = 2147483647;
			dstPath = /usr/share/man/man1/;
			dstSubfolderSpec = 0;
			files = (
			);
			runOnlyForDeploymentPostprocessing = 1;
		};
		14DC84ED20A0785000F651BD /* CopyFiles */ = {
			isa = PBXCopyFilesBuildPhase;
			buildActionMask = 2147483647;
			dstPath = /usr/share/man/man1/;
			dstSubfolderSpec = 0;
			files = (
			);
			runOnlyForDeploymentPostprocessing = 1;
		};
		14DC84FA20A1D30400F651BD /* CopyFiles */ = {
			isa = PBXCopyFilesBuildPhase;
			buildActionMask = 2147483647;
			dstPath = /usr/share/man/man1/;
			dstSubfolderSpec = 0;
			files = (
			);
			runOnlyForDeploymentPostprocessing = 1;
		};
		14DC853120A3E05B00F651BD /* CopyFiles */ = {
			isa = PBXCopyFilesBuildPhase;
			buildActionMask = 2147483647;
			dstPath = /usr/share/man/man1/;
			dstSubfolderSpec = 0;
			files = (
			);
			runOnlyForDeploymentPostprocessing = 1;
		};
		14DC853C20A3F42100F651BD /* CopyFiles */ = {
			isa = PBXCopyFilesBuildPhase;
			buildActionMask = 2147483647;
			dstPath = /usr/share/man/man1/;
			dstSubfolderSpec = 0;
			files = (
			);
			runOnlyForDeploymentPostprocessing = 1;
		};
		14E76E7D2095FEE50095BE75 /* CopyFiles */ = {
			isa = PBXCopyFilesBuildPhase;
			buildActionMask = 2147483647;
			dstPath = /usr/share/man/man1/;
			dstSubfolderSpec = 0;
			files = (
			);
			runOnlyForDeploymentPostprocessing = 1;
		};
		14F7C8C22113E83700CDE135 /* CopyFiles */ = {
			isa = PBXCopyFilesBuildPhase;
			buildActionMask = 2147483647;
			dstPath = /usr/share/man/man1/;
			dstSubfolderSpec = 0;
			files = (
			);
			runOnlyForDeploymentPostprocessing = 1;
		};
		14F7C8CD2113F2E800CDE135 /* CopyFiles */ = {
			isa = PBXCopyFilesBuildPhase;
			buildActionMask = 2147483647;
			dstPath = /usr/share/man/man1/;
			dstSubfolderSpec = 0;
			files = (
			);
			runOnlyForDeploymentPostprocessing = 1;
		};
/* End PBXCopyFilesBuildPhase section */

/* Begin PBXFileReference section */
		1418C41D20B0021B006C1AF7 /* 反转链表 */ = {isa = PBXFileReference; explicitFileType = "compiled.mach-o.executable"; includeInIndex = 0; path = "反转链表"; sourceTree = BUILT_PRODUCTS_DIR; };
		1418C41F20B0021B006C1AF7 /* main.cpp */ = {isa = PBXFileReference; lastKnownFileType = sourcecode.cpp.cpp; path = main.cpp; sourceTree = "<group>"; };
		1421E38A209FFAF900A4C208 /* 用队列实现栈 */ = {isa = PBXFileReference; explicitFileType = "compiled.mach-o.executable"; includeInIndex = 0; path = "用队列实现栈"; sourceTree = BUILT_PRODUCTS_DIR; };
		1421E38C209FFAF900A4C208 /* main.cpp */ = {isa = PBXFileReference; lastKnownFileType = sourcecode.cpp.cpp; path = main.cpp; sourceTree = "<group>"; };
		1421E39520A0021C00A4C208 /* 填充同一层的兄弟节点 II */ = {isa = PBXFileReference; explicitFileType = "compiled.mach-o.executable"; includeInIndex = 0; path = "填充同一层的兄弟节点 II"; sourceTree = BUILT_PRODUCTS_DIR; };
		1421E39720A0021C00A4C208 /* main.cpp */ = {isa = PBXFileReference; lastKnownFileType = sourcecode.cpp.cpp; path = main.cpp; sourceTree = "<group>"; };
		1473761C21154715004523D7 /* 组合 */ = {isa = PBXFileReference; explicitFileType = "compiled.mach-o.executable"; includeInIndex = 0; path = "组合"; sourceTree = BUILT_PRODUCTS_DIR; };
		1473761E21154715004523D7 /* main.cpp */ = {isa = PBXFileReference; lastKnownFileType = sourcecode.cpp.cpp; path = main.cpp; sourceTree = "<group>"; };
		14773BCD20934638006242C6 /* LeetCode */ = {isa = PBXFileReference; explicitFileType = "compiled.mach-o.executable"; includeInIndex = 0; path = LeetCode; sourceTree = BUILT_PRODUCTS_DIR; };
		14773BD020934638006242C6 /* main.cpp */ = {isa = PBXFileReference; lastKnownFileType = sourcecode.cpp.cpp; path = main.cpp; sourceTree = "<group>"; };
		14773BDB20934647006242C6 /* 两数之和 */ = {isa = PBXFileReference; explicitFileType = "compiled.mach-o.executable"; includeInIndex = 0; path = "两数之和"; sourceTree = BUILT_PRODUCTS_DIR; };
		14773BDD20934647006242C6 /* main.cpp */ = {isa = PBXFileReference; lastKnownFileType = sourcecode.cpp.cpp; path = main.cpp; sourceTree = "<group>"; };
		14773BE620934BFF006242C6 /* 两数相加 */ = {isa = PBXFileReference; explicitFileType = "compiled.mach-o.executable"; includeInIndex = 0; path = "两数相加"; sourceTree = BUILT_PRODUCTS_DIR; };
		14773BE820934BFF006242C6 /* main.cpp */ = {isa = PBXFileReference; lastKnownFileType = sourcecode.cpp.cpp; path = main.cpp; sourceTree = "<group>"; };
		1488244620A8705B00BD4766 /* 不同的二叉搜索树 II */ = {isa = PBXFileReference; explicitFileType = "compiled.mach-o.executable"; includeInIndex = 0; path = "不同的二叉搜索树 II"; sourceTree = BUILT_PRODUCTS_DIR; };
		1488244820A8705B00BD4766 /* main.cpp */ = {isa = PBXFileReference; lastKnownFileType = sourcecode.cpp.cpp; path = main.cpp; sourceTree = "<group>"; };
		1488245120A9BDCF00BD4766 /* 在二叉树中增加一行 */ = {isa = PBXFileReference; explicitFileType = "compiled.mach-o.executable"; includeInIndex = 0; path = "在二叉树中增加一行"; sourceTree = BUILT_PRODUCTS_DIR; };
		1488245320A9BDCF00BD4766 /* main.cpp */ = {isa = PBXFileReference; lastKnownFileType = sourcecode.cpp.cpp; path = main.cpp; sourceTree = "<group>"; };
		149CEB61210CCB9700690132 /* 全排列 II */ = {isa = PBXFileReference; explicitFileType = "compiled.mach-o.executable"; includeInIndex = 0; path = "全排列 II"; sourceTree = BUILT_PRODUCTS_DIR; };
		149CEB63210CCB9700690132 /* main.cpp */ = {isa = PBXFileReference; lastKnownFileType = sourcecode.cpp.cpp; path = main.cpp; sourceTree = "<group>"; };
		14A9F032210FEA9500901702 /* 全排列 */ = {isa = PBXFileReference; explicitFileType = "compiled.mach-o.executable"; includeInIndex = 0; path = "全排列"; sourceTree = BUILT_PRODUCTS_DIR; };
		14A9F034210FEA9500901702 /* main.cpp */ = {isa = PBXFileReference; lastKnownFileType = sourcecode.cpp.cpp; path = main.cpp; sourceTree = "<group>"; };
		14A9F03F21113B3400901702 /* 相对名次 */ = {isa = PBXFileReference; explicitFileType = "compiled.mach-o.executable"; includeInIndex = 0; path = "相对名次"; sourceTree = BUILT_PRODUCTS_DIR; };
		14A9F04121113B3400901702 /* main.cpp */ = {isa = PBXFileReference; lastKnownFileType = sourcecode.cpp.cpp; path = main.cpp; sourceTree = "<group>"; };
		14C9F209211180AA00F5AD29 /* N皇后 */ = {isa = PBXFileReference; explicitFileType = "compiled.mach-o.executable"; includeInIndex = 0; path = "N皇后"; sourceTree = BUILT_PRODUCTS_DIR; };
		14C9F20B211180AA00F5AD29 /* main.cpp */ = {isa = PBXFileReference; lastKnownFileType = sourcecode.cpp.cpp; path = main.cpp; sourceTree = "<group>"; };
		14C9F2142112B1D100F5AD29 /* 二叉搜索树迭代器 */ = {isa = PBXFileReference; explicitFileType = "compiled.mach-o.executable"; includeInIndex = 0; path = "二叉搜索树迭代器"; sourceTree = BUILT_PRODUCTS_DIR; };
		14C9F2162112B1D200F5AD29 /* main.cpp */ = {isa = PBXFileReference; lastKnownFileType = sourcecode.cpp.cpp; path = main.cpp; sourceTree = "<group>"; };
		14CB0E44210B6BF1005D8C45 /* 子集 */ = {isa = PBXFileReference; explicitFileType = "compiled.mach-o.executable"; includeInIndex = 0; path = "子集"; sourceTree = BUILT_PRODUCTS_DIR; };
		14CB0E46210B6BF1005D8C45 /* main.cpp */ = {isa = PBXFileReference; lastKnownFileType = sourcecode.cpp.cpp; path = main.cpp; sourceTree = "<group>"; };
		14D581952108CCBF006E932E /* 回文数 */ = {isa = PBXFileReference; explicitFileType = "compiled.mach-o.executable"; includeInIndex = 0; path = "回文数"; sourceTree = BUILT_PRODUCTS_DIR; };
		14D581972108CCBF006E932E /* main.cpp */ = {isa = PBXFileReference; lastKnownFileType = sourcecode.cpp.cpp; path = main.cpp; sourceTree = "<group>"; };
		14DC84E420A04A4D00F651BD /* 找树左下角的值 */ = {isa = PBXFileReference; explicitFileType = "compiled.mach-o.executable"; includeInIndex = 0; path = "找树左下角的值"; sourceTree = BUILT_PRODUCTS_DIR; };
		14DC84E620A04A4D00F651BD /* main.cpp */ = {isa = PBXFileReference; lastKnownFileType = sourcecode.cpp.cpp; path = main.cpp; sourceTree = "<group>"; };
		14DC84EF20A0785000F651BD /* 删除与获得点数 */ = {isa = PBXFileReference; explicitFileType = "compiled.mach-o.executable"; includeInIndex = 0; path = "删除与获得点数"; sourceTree = BUILT_PRODUCTS_DIR; };
		14DC84F120A0785000F651BD /* main.cpp */ = {isa = PBXFileReference; lastKnownFileType = sourcecode.cpp.cpp; path = main.cpp; sourceTree = "<group>"; };
		14DC84FC20A1D30400F651BD /* 二叉树的右视图 */ = {isa = PBXFileReference; explicitFileType = "compiled.mach-o.executable"; includeInIndex = 0; path = "二叉树的右视图"; sourceTree = BUILT_PRODUCTS_DIR; };
		14DC84FE20A1D30400F651BD /* main.cpp */ = {isa = PBXFileReference; lastKnownFileType = sourcecode.cpp.cpp; path = main.cpp; sourceTree = "<group>"; };
		14DC853320A3E05B00F651BD /* 从中序与后序遍历序列构造二叉树 */ = {isa = PBXFileReference; explicitFileType = "compiled.mach-o.executable"; includeInIndex = 0; path = "从中序与后序遍历序列构造二叉树"; sourceTree = BUILT_PRODUCTS_DIR; };
		14DC853520A3E05B00F651BD /* main.cpp */ = {isa = PBXFileReference; lastKnownFileType = sourcecode.cpp.cpp; path = main.cpp; sourceTree = "<group>"; };
		14DC853E20A3F42100F651BD /* 翻转字符串里的单词 */ = {isa = PBXFileReference; explicitFileType = "compiled.mach-o.executable"; includeInIndex = 0; path = "翻转字符串里的单词"; sourceTree = BUILT_PRODUCTS_DIR; };
		14DC854020A3F42100F651BD /* main.cpp */ = {isa = PBXFileReference; lastKnownFileType = sourcecode.cpp.cpp; path = main.cpp; sourceTree = "<group>"; };
		14E76E7F2095FEE50095BE75 /* 无重复字符的最长子串 */ = {isa = PBXFileReference; explicitFileType = "compiled.mach-o.executable"; includeInIndex = 0; path = "无重复字符的最长子串"; sourceTree = BUILT_PRODUCTS_DIR; };
		14E76E812095FEE50095BE75 /* main.cpp */ = {isa = PBXFileReference; lastKnownFileType = sourcecode.cpp.cpp; path = main.cpp; sourceTree = "<group>"; };
		14F7C8C42113E83700CDE135 /* 组合总和 */ = {isa = PBXFileReference; explicitFileType = "compiled.mach-o.executable"; includeInIndex = 0; path = "组合总和"; sourceTree = BUILT_PRODUCTS_DIR; };
		14F7C8C62113E83800CDE135 /* main.cpp */ = {isa = PBXFileReference; lastKnownFileType = sourcecode.cpp.cpp; path = main.cpp; sourceTree = "<group>"; };
		14F7C8CF2113F2E800CDE135 /* 组合总和 II */ = {isa = PBXFileReference; explicitFileType = "compiled.mach-o.executable"; includeInIndex = 0; path = "组合总和 II"; sourceTree = BUILT_PRODUCTS_DIR; };
		14F7C8D12113F2E800CDE135 /* main.cpp */ = {isa = PBXFileReference; lastKnownFileType = sourcecode.cpp.cpp; path = main.cpp; sourceTree = "<group>"; };
/* End PBXFileReference section */

/* Begin PBXFrameworksBuildPhase section */
		1418C41A20B0021B006C1AF7 /* Frameworks */ = {
			isa = PBXFrameworksBuildPhase;
			buildActionMask = 2147483647;
			files = (
			);
			runOnlyForDeploymentPostprocessing = 0;
		};
		1421E387209FFAF900A4C208 /* Frameworks */ = {
			isa = PBXFrameworksBuildPhase;
			buildActionMask = 2147483647;
			files = (
			);
			runOnlyForDeploymentPostprocessing = 0;
		};
		1421E39220A0021C00A4C208 /* Frameworks */ = {
			isa = PBXFrameworksBuildPhase;
			buildActionMask = 2147483647;
			files = (
			);
			runOnlyForDeploymentPostprocessing = 0;
		};
		1473761921154715004523D7 /* Frameworks */ = {
			isa = PBXFrameworksBuildPhase;
			buildActionMask = 2147483647;
			files = (
			);
			runOnlyForDeploymentPostprocessing = 0;
		};
		14773BCA20934638006242C6 /* Frameworks */ = {
			isa = PBXFrameworksBuildPhase;
			buildActionMask = 2147483647;
			files = (
			);
			runOnlyForDeploymentPostprocessing = 0;
		};
		14773BD820934647006242C6 /* Frameworks */ = {
			isa = PBXFrameworksBuildPhase;
			buildActionMask = 2147483647;
			files = (
			);
			runOnlyForDeploymentPostprocessing = 0;
		};
		14773BE320934BFF006242C6 /* Frameworks */ = {
			isa = PBXFrameworksBuildPhase;
			buildActionMask = 2147483647;
			files = (
			);
			runOnlyForDeploymentPostprocessing = 0;
		};
		1488244320A8705B00BD4766 /* Frameworks */ = {
			isa = PBXFrameworksBuildPhase;
			buildActionMask = 2147483647;
			files = (
			);
			runOnlyForDeploymentPostprocessing = 0;
		};
		1488244E20A9BDCF00BD4766 /* Frameworks */ = {
			isa = PBXFrameworksBuildPhase;
			buildActionMask = 2147483647;
			files = (
			);
			runOnlyForDeploymentPostprocessing = 0;
		};
		149CEB5E210CCB9700690132 /* Frameworks */ = {
			isa = PBXFrameworksBuildPhase;
			buildActionMask = 2147483647;
			files = (
			);
			runOnlyForDeploymentPostprocessing = 0;
		};
		14A9F02F210FEA9500901702 /* Frameworks */ = {
			isa = PBXFrameworksBuildPhase;
			buildActionMask = 2147483647;
			files = (
			);
			runOnlyForDeploymentPostprocessing = 0;
		};
		14A9F03C21113B3400901702 /* Frameworks */ = {
			isa = PBXFrameworksBuildPhase;
			buildActionMask = 2147483647;
			files = (
			);
			runOnlyForDeploymentPostprocessing = 0;
		};
		14C9F206211180AA00F5AD29 /* Frameworks */ = {
			isa = PBXFrameworksBuildPhase;
			buildActionMask = 2147483647;
			files = (
			);
			runOnlyForDeploymentPostprocessing = 0;
		};
		14C9F2112112B1D100F5AD29 /* Frameworks */ = {
			isa = PBXFrameworksBuildPhase;
			buildActionMask = 2147483647;
			files = (
			);
			runOnlyForDeploymentPostprocessing = 0;
		};
		14CB0E41210B6BF1005D8C45 /* Frameworks */ = {
			isa = PBXFrameworksBuildPhase;
			buildActionMask = 2147483647;
			files = (
			);
			runOnlyForDeploymentPostprocessing = 0;
		};
		14D581922108CCBF006E932E /* Frameworks */ = {
			isa = PBXFrameworksBuildPhase;
			buildActionMask = 2147483647;
			files = (
			);
			runOnlyForDeploymentPostprocessing = 0;
		};
		14DC84E120A04A4D00F651BD /* Frameworks */ = {
			isa = PBXFrameworksBuildPhase;
			buildActionMask = 2147483647;
			files = (
			);
			runOnlyForDeploymentPostprocessing = 0;
		};
		14DC84EC20A0785000F651BD /* Frameworks */ = {
			isa = PBXFrameworksBuildPhase;
			buildActionMask = 2147483647;
			files = (
			);
			runOnlyForDeploymentPostprocessing = 0;
		};
		14DC84F920A1D30400F651BD /* Frameworks */ = {
			isa = PBXFrameworksBuildPhase;
			buildActionMask = 2147483647;
			files = (
			);
			runOnlyForDeploymentPostprocessing = 0;
		};
		14DC853020A3E05B00F651BD /* Frameworks */ = {
			isa = PBXFrameworksBuildPhase;
			buildActionMask = 2147483647;
			files = (
			);
			runOnlyForDeploymentPostprocessing = 0;
		};
		14DC853B20A3F42100F651BD /* Frameworks */ = {
			isa = PBXFrameworksBuildPhase;
			buildActionMask = 2147483647;
			files = (
			);
			runOnlyForDeploymentPostprocessing = 0;
		};
		14E76E7C2095FEE50095BE75 /* Frameworks */ = {
			isa = PBXFrameworksBuildPhase;
			buildActionMask = 2147483647;
			files = (
			);
			runOnlyForDeploymentPostprocessing = 0;
		};
		14F7C8C12113E83700CDE135 /* Frameworks */ = {
			isa = PBXFrameworksBuildPhase;
			buildActionMask = 2147483647;
			files = (
			);
			runOnlyForDeploymentPostprocessing = 0;
		};
		14F7C8CC2113F2E800CDE135 /* Frameworks */ = {
			isa = PBXFrameworksBuildPhase;
			buildActionMask = 2147483647;
			files = (
			);
			runOnlyForDeploymentPostprocessing = 0;
		};
/* End PBXFrameworksBuildPhase section */

/* Begin PBXGroup section */
		1418C41E20B0021B006C1AF7 /* 反转链表 */ = {
			isa = PBXGroup;
			children = (
				1418C41F20B0021B006C1AF7 /* main.cpp */,
			);
			path = "反转链表";
			sourceTree = "<group>";
		};
		1421E38B209FFAF900A4C208 /* 用队列实现栈 */ = {
			isa = PBXGroup;
			children = (
				1421E38C209FFAF900A4C208 /* main.cpp */,
			);
			path = "用队列实现栈";
			sourceTree = "<group>";
		};
		1421E39620A0021C00A4C208 /* 填充同一层的兄弟节点 II */ = {
			isa = PBXGroup;
			children = (
				1421E39720A0021C00A4C208 /* main.cpp */,
			);
			path = "填充同一层的兄弟节点 II";
			sourceTree = "<group>";
		};
		1473761D21154715004523D7 /* 组合 */ = {
			isa = PBXGroup;
			children = (
				1473761E21154715004523D7 /* main.cpp */,
			);
			path = "组合";
			sourceTree = "<group>";
		};
		14773BC420934638006242C6 = {
			isa = PBXGroup;
			children = (
				14773BCF20934638006242C6 /* LeetCode */,
				14773BDC20934647006242C6 /* 两数之和 */,
				14773BE720934BFF006242C6 /* 两数相加 */,
				14E76E802095FEE50095BE75 /* 无重复字符的最长子串 */,
				1421E38B209FFAF900A4C208 /* 用队列实现栈 */,
				1421E39620A0021C00A4C208 /* 填充同一层的兄弟节点 II */,
				14DC84E520A04A4D00F651BD /* 找树左下角的值 */,
				14DC84F020A0785000F651BD /* 删除与获得点数 */,
				14DC84FD20A1D30400F651BD /* 二叉树的右视图 */,
				14DC853420A3E05B00F651BD /* 从中序与后序遍历序列构造二叉树 */,
				14DC853F20A3F42100F651BD /* 翻转字符串里的单词 */,
				1488244720A8705B00BD4766 /* 不同的二叉搜索树 II */,
				1488245220A9BDCF00BD4766 /* 在二叉树中增加一行 */,
				1418C41E20B0021B006C1AF7 /* 反转链表 */,
				14D581962108CCBF006E932E /* 回文数 */,
				14CB0E45210B6BF1005D8C45 /* 子集 */,
				149CEB62210CCB9700690132 /* 全排列 II */,
				14A9F033210FEA9500901702 /* 全排列 */,
				14A9F04021113B3400901702 /* 相对名次 */,
				14C9F20A211180AA00F5AD29 /* N皇后 */,
				14C9F2152112B1D200F5AD29 /* 二叉搜索树迭代器 */,
				14F7C8C52113E83800CDE135 /* 组合总和 */,
				14F7C8D02113F2E800CDE135 /* 组合总和 II */,
				1473761D21154715004523D7 /* 组合 */,
				14773BCE20934638006242C6 /* Products */,
			);
			sourceTree = "<group>";
		};
		14773BCE20934638006242C6 /* Products */ = {
			isa = PBXGroup;
			children = (
				14773BCD20934638006242C6 /* LeetCode */,
				14773BDB20934647006242C6 /* 两数之和 */,
				14773BE620934BFF006242C6 /* 两数相加 */,
				14E76E7F2095FEE50095BE75 /* 无重复字符的最长子串 */,
				1421E38A209FFAF900A4C208 /* 用队列实现栈 */,
				1421E39520A0021C00A4C208 /* 填充同一层的兄弟节点 II */,
				14DC84E420A04A4D00F651BD /* 找树左下角的值 */,
				14DC84EF20A0785000F651BD /* 删除与获得点数 */,
				14DC84FC20A1D30400F651BD /* 二叉树的右视图 */,
				14DC853320A3E05B00F651BD /* 从中序与后序遍历序列构造二叉树 */,
				14DC853E20A3F42100F651BD /* 翻转字符串里的单词 */,
				1488244620A8705B00BD4766 /* 不同的二叉搜索树 II */,
				1488245120A9BDCF00BD4766 /* 在二叉树中增加一行 */,
				1418C41D20B0021B006C1AF7 /* 反转链表 */,
				14D581952108CCBF006E932E /* 回文数 */,
				14CB0E44210B6BF1005D8C45 /* 子集 */,
				149CEB61210CCB9700690132 /* 全排列 II */,
				14A9F032210FEA9500901702 /* 全排列 */,
				14A9F03F21113B3400901702 /* 相对名次 */,
				14C9F209211180AA00F5AD29 /* N皇后 */,
				14C9F2142112B1D100F5AD29 /* 二叉搜索树迭代器 */,
				14F7C8C42113E83700CDE135 /* 组合总和 */,
				14F7C8CF2113F2E800CDE135 /* 组合总和 II */,
				1473761C21154715004523D7 /* 组合 */,
			);
			name = Products;
			sourceTree = "<group>";
		};
		14773BCF20934638006242C6 /* LeetCode */ = {
			isa = PBXGroup;
			children = (
				14773BD020934638006242C6 /* main.cpp */,
			);
			path = LeetCode;
			sourceTree = "<group>";
		};
		14773BDC20934647006242C6 /* 两数之和 */ = {
			isa = PBXGroup;
			children = (
				14773BDD20934647006242C6 /* main.cpp */,
			);
			path = "两数之和";
			sourceTree = "<group>";
		};
		14773BE720934BFF006242C6 /* 两数相加 */ = {
			isa = PBXGroup;
			children = (
				14773BE820934BFF006242C6 /* main.cpp */,
			);
			path = "两数相加";
			sourceTree = "<group>";
		};
		1488244720A8705B00BD4766 /* 不同的二叉搜索树 II */ = {
			isa = PBXGroup;
			children = (
				1488244820A8705B00BD4766 /* main.cpp */,
			);
			path = "不同的二叉搜索树 II";
			sourceTree = "<group>";
		};
		1488245220A9BDCF00BD4766 /* 在二叉树中增加一行 */ = {
			isa = PBXGroup;
			children = (
				1488245320A9BDCF00BD4766 /* main.cpp */,
			);
			path = "在二叉树中增加一行";
			sourceTree = "<group>";
		};
		149CEB62210CCB9700690132 /* 全排列 II */ = {
			isa = PBXGroup;
			children = (
				149CEB63210CCB9700690132 /* main.cpp */,
			);
			path = "全排列 II";
			sourceTree = "<group>";
		};
		14A9F033210FEA9500901702 /* 全排列 */ = {
			isa = PBXGroup;
			children = (
				14A9F034210FEA9500901702 /* main.cpp */,
			);
			path = "全排列";
			sourceTree = "<group>";
		};
		14A9F04021113B3400901702 /* 相对名次 */ = {
			isa = PBXGroup;
			children = (
				14A9F04121113B3400901702 /* main.cpp */,
			);
			path = "相对名次";
			sourceTree = "<group>";
		};
		14C9F20A211180AA00F5AD29 /* N皇后 */ = {
			isa = PBXGroup;
			children = (
				14C9F20B211180AA00F5AD29 /* main.cpp */,
			);
			path = "N皇后";
			sourceTree = "<group>";
		};
		14C9F2152112B1D200F5AD29 /* 二叉搜索树迭代器 */ = {
			isa = PBXGroup;
			children = (
				14C9F2162112B1D200F5AD29 /* main.cpp */,
			);
			path = "二叉搜索树迭代器";
			sourceTree = "<group>";
		};
		14CB0E45210B6BF1005D8C45 /* 子集 */ = {
			isa = PBXGroup;
			children = (
				14CB0E46210B6BF1005D8C45 /* main.cpp */,
			);
			path = "子集";
			sourceTree = "<group>";
		};
		14D581962108CCBF006E932E /* 回文数 */ = {
			isa = PBXGroup;
			children = (
				14D581972108CCBF006E932E /* main.cpp */,
			);
			path = "回文数";
			sourceTree = "<group>";
		};
		14DC84E520A04A4D00F651BD /* 找树左下角的值 */ = {
			isa = PBXGroup;
			children = (
				14DC84E620A04A4D00F651BD /* main.cpp */,
			);
			path = "找树左下角的值";
			sourceTree = "<group>";
		};
		14DC84F020A0785000F651BD /* 删除与获得点数 */ = {
			isa = PBXGroup;
			children = (
				14DC84F120A0785000F651BD /* main.cpp */,
			);
			path = "删除与获得点数";
			sourceTree = "<group>";
		};
		14DC84FD20A1D30400F651BD /* 二叉树的右视图 */ = {
			isa = PBXGroup;
			children = (
				14DC84FE20A1D30400F651BD /* main.cpp */,
			);
			path = "二叉树的右视图";
			sourceTree = "<group>";
		};
		14DC853420A3E05B00F651BD /* 从中序与后序遍历序列构造二叉树 */ = {
			isa = PBXGroup;
			children = (
				14DC853520A3E05B00F651BD /* main.cpp */,
			);
			path = "从中序与后序遍历序列构造二叉树";
			sourceTree = "<group>";
		};
		14DC853F20A3F42100F651BD /* 翻转字符串里的单词 */ = {
			isa = PBXGroup;
			children = (
				14DC854020A3F42100F651BD /* main.cpp */,
			);
			path = "翻转字符串里的单词";
			sourceTree = "<group>";
		};
		14E76E802095FEE50095BE75 /* 无重复字符的最长子串 */ = {
			isa = PBXGroup;
			children = (
				14E76E812095FEE50095BE75 /* main.cpp */,
			);
			path = "无重复字符的最长子串";
			sourceTree = "<group>";
		};
		14F7C8C52113E83800CDE135 /* 组合总和 */ = {
			isa = PBXGroup;
			children = (
				14F7C8C62113E83800CDE135 /* main.cpp */,
			);
			path = "组合总和";
			sourceTree = "<group>";
		};
		14F7C8D02113F2E800CDE135 /* 组合总和 II */ = {
			isa = PBXGroup;
			children = (
				14F7C8D12113F2E800CDE135 /* main.cpp */,
			);
			path = "组合总和 II";
			sourceTree = "<group>";
		};
/* End PBXGroup section */

/* Begin PBXNativeTarget section */
		1418C41C20B0021B006C1AF7 /* 反转链表 */ = {
			isa = PBXNativeTarget;
			buildConfigurationList = 1418C42320B0021B006C1AF7 /* Build configuration list for PBXNativeTarget "反转链表" */;
			buildPhases = (
				1418C41920B0021B006C1AF7 /* Sources */,
				1418C41A20B0021B006C1AF7 /* Frameworks */,
				1418C41B20B0021B006C1AF7 /* CopyFiles */,
			);
			buildRules = (
			);
			dependencies = (
			);
			name = "反转链表";
			productName = "反转链表";
			productReference = 1418C41D20B0021B006C1AF7 /* 反转链表 */;
			productType = "com.apple.product-type.tool";
		};
		1421E389209FFAF900A4C208 /* 用队列实现栈 */ = {
			isa = PBXNativeTarget;
			buildConfigurationList = 1421E390209FFAF900A4C208 /* Build configuration list for PBXNativeTarget "用队列实现栈" */;
			buildPhases = (
				1421E386209FFAF900A4C208 /* Sources */,
				1421E387209FFAF900A4C208 /* Frameworks */,
				1421E388209FFAF900A4C208 /* CopyFiles */,
			);
			buildRules = (
			);
			dependencies = (
			);
			name = "用队列实现栈";
			productName = "用队列实现栈";
			productReference = 1421E38A209FFAF900A4C208 /* 用队列实现栈 */;
			productType = "com.apple.product-type.tool";
		};
		1421E39420A0021C00A4C208 /* 填充同一层的兄弟节点 II */ = {
			isa = PBXNativeTarget;
			buildConfigurationList = 1421E39920A0021C00A4C208 /* Build configuration list for PBXNativeTarget "填充同一层的兄弟节点 II" */;
			buildPhases = (
				1421E39120A0021C00A4C208 /* Sources */,
				1421E39220A0021C00A4C208 /* Frameworks */,
				1421E39320A0021C00A4C208 /* CopyFiles */,
			);
			buildRules = (
			);
			dependencies = (
			);
			name = "填充同一层的兄弟节点 II";
			productName = "填充同一层的兄弟节点 II";
			productReference = 1421E39520A0021C00A4C208 /* 填充同一层的兄弟节点 II */;
			productType = "com.apple.product-type.tool";
		};
		1473761B21154715004523D7 /* 组合 */ = {
			isa = PBXNativeTarget;
			buildConfigurationList = 1473762221154715004523D7 /* Build configuration list for PBXNativeTarget "组合" */;
			buildPhases = (
				1473761821154715004523D7 /* Sources */,
				1473761921154715004523D7 /* Frameworks */,
				1473761A21154715004523D7 /* CopyFiles */,
			);
			buildRules = (
			);
			dependencies = (
			);
			name = "组合";
			productName = "组合";
			productReference = 1473761C21154715004523D7 /* 组合 */;
			productType = "com.apple.product-type.tool";
		};
		14773BCC20934638006242C6 /* LeetCode */ = {
			isa = PBXNativeTarget;
			buildConfigurationList = 14773BD420934638006242C6 /* Build configuration list for PBXNativeTarget "LeetCode" */;
			buildPhases = (
				14773BC920934638006242C6 /* Sources */,
				14773BCA20934638006242C6 /* Frameworks */,
				14773BCB20934638006242C6 /* CopyFiles */,
			);
			buildRules = (
			);
			dependencies = (
			);
			name = LeetCode;
			productName = LeetCode;
			productReference = 14773BCD20934638006242C6 /* LeetCode */;
			productType = "com.apple.product-type.tool";
		};
		14773BDA20934647006242C6 /* 两数之和 */ = {
			isa = PBXNativeTarget;
			buildConfigurationList = 14773BDF20934647006242C6 /* Build configuration list for PBXNativeTarget "两数之和" */;
			buildPhases = (
				14773BD720934647006242C6 /* Sources */,
				14773BD820934647006242C6 /* Frameworks */,
				14773BD920934647006242C6 /* CopyFiles */,
			);
			buildRules = (
			);
			dependencies = (
			);
			name = "两数之和";
			productName = "两数之和";
			productReference = 14773BDB20934647006242C6 /* 两数之和 */;
			productType = "com.apple.product-type.tool";
		};
		14773BE520934BFF006242C6 /* 两数相加 */ = {
			isa = PBXNativeTarget;
			buildConfigurationList = 14773BEC20934BFF006242C6 /* Build configuration list for PBXNativeTarget "两数相加" */;
			buildPhases = (
				14773BE220934BFF006242C6 /* Sources */,
				14773BE320934BFF006242C6 /* Frameworks */,
				14773BE420934BFF006242C6 /* CopyFiles */,
			);
			buildRules = (
			);
			dependencies = (
			);
			name = "两数相加";
			productName = "两数相加";
			productReference = 14773BE620934BFF006242C6 /* 两数相加 */;
			productType = "com.apple.product-type.tool";
		};
		1488244520A8705B00BD4766 /* 不同的二叉搜索树 II */ = {
			isa = PBXNativeTarget;
			buildConfigurationList = 1488244C20A8705B00BD4766 /* Build configuration list for PBXNativeTarget "不同的二叉搜索树 II" */;
			buildPhases = (
				1488244220A8705B00BD4766 /* Sources */,
				1488244320A8705B00BD4766 /* Frameworks */,
				1488244420A8705B00BD4766 /* CopyFiles */,
			);
			buildRules = (
			);
			dependencies = (
			);
			name = "不同的二叉搜索树 II";
			productName = "不同的二叉搜索树 II";
			productReference = 1488244620A8705B00BD4766 /* 不同的二叉搜索树 II */;
			productType = "com.apple.product-type.tool";
		};
		1488245020A9BDCF00BD4766 /* 在二叉树中增加一行 */ = {
			isa = PBXNativeTarget;
			buildConfigurationList = 1488245520A9BDCF00BD4766 /* Build configuration list for PBXNativeTarget "在二叉树中增加一行" */;
			buildPhases = (
				1488244D20A9BDCF00BD4766 /* Sources */,
				1488244E20A9BDCF00BD4766 /* Frameworks */,
				1488244F20A9BDCF00BD4766 /* CopyFiles */,
			);
			buildRules = (
			);
			dependencies = (
			);
			name = "在二叉树中增加一行";
			productName = "在二叉树中增加一行";
			productReference = 1488245120A9BDCF00BD4766 /* 在二叉树中增加一行 */;
			productType = "com.apple.product-type.tool";
		};
		149CEB60210CCB9700690132 /* 全排列 II */ = {
			isa = PBXNativeTarget;
			buildConfigurationList = 149CEB67210CCB9700690132 /* Build configuration list for PBXNativeTarget "全排列 II" */;
			buildPhases = (
				149CEB5D210CCB9700690132 /* Sources */,
				149CEB5E210CCB9700690132 /* Frameworks */,
				149CEB5F210CCB9700690132 /* CopyFiles */,
			);
			buildRules = (
			);
			dependencies = (
			);
			name = "全排列 II";
			productName = "全排列 II";
			productReference = 149CEB61210CCB9700690132 /* 全排列 II */;
			productType = "com.apple.product-type.tool";
		};
		14A9F031210FEA9500901702 /* 全排列 */ = {
			isa = PBXNativeTarget;
			buildConfigurationList = 14A9F038210FEA9500901702 /* Build configuration list for PBXNativeTarget "全排列" */;
			buildPhases = (
				14A9F02E210FEA9500901702 /* Sources */,
				14A9F02F210FEA9500901702 /* Frameworks */,
				14A9F030210FEA9500901702 /* CopyFiles */,
			);
			buildRules = (
			);
			dependencies = (
			);
			name = "全排列";
			productName = "全排列";
			productReference = 14A9F032210FEA9500901702 /* 全排列 */;
			productType = "com.apple.product-type.tool";
		};
		14A9F03E21113B3400901702 /* 相对名次 */ = {
			isa = PBXNativeTarget;
			buildConfigurationList = 14A9F04321113B3400901702 /* Build configuration list for PBXNativeTarget "相对名次" */;
			buildPhases = (
				14A9F03B21113B3400901702 /* Sources */,
				14A9F03C21113B3400901702 /* Frameworks */,
				14A9F03D21113B3400901702 /* CopyFiles */,
			);
			buildRules = (
			);
			dependencies = (
			);
			name = "相对名次";
			productName = "相对名次";
			productReference = 14A9F03F21113B3400901702 /* 相对名次 */;
			productType = "com.apple.product-type.tool";
		};
		14C9F208211180AA00F5AD29 /* N皇后 */ = {
			isa = PBXNativeTarget;
			buildConfigurationList = 14C9F20D211180AA00F5AD29 /* Build configuration list for PBXNativeTarget "N皇后" */;
			buildPhases = (
				14C9F205211180AA00F5AD29 /* Sources */,
				14C9F206211180AA00F5AD29 /* Frameworks */,
				14C9F207211180AA00F5AD29 /* CopyFiles */,
			);
			buildRules = (
			);
			dependencies = (
			);
			name = "N皇后";
			productName = "N皇后";
			productReference = 14C9F209211180AA00F5AD29 /* N皇后 */;
			productType = "com.apple.product-type.tool";
		};
		14C9F2132112B1D100F5AD29 /* 二叉搜索树迭代器 */ = {
			isa = PBXNativeTarget;
			buildConfigurationList = 14C9F2182112B1D200F5AD29 /* Build configuration list for PBXNativeTarget "二叉搜索树迭代器" */;
			buildPhases = (
				14C9F2102112B1D100F5AD29 /* Sources */,
				14C9F2112112B1D100F5AD29 /* Frameworks */,
				14C9F2122112B1D100F5AD29 /* CopyFiles */,
			);
			buildRules = (
			);
			dependencies = (
			);
			name = "二叉搜索树迭代器";
			productName = "二叉搜索树迭代器";
			productReference = 14C9F2142112B1D100F5AD29 /* 二叉搜索树迭代器 */;
			productType = "com.apple.product-type.tool";
		};
		14CB0E43210B6BF1005D8C45 /* 子集 */ = {
			isa = PBXNativeTarget;
			buildConfigurationList = 14CB0E4A210B6BF1005D8C45 /* Build configuration list for PBXNativeTarget "子集" */;
			buildPhases = (
				14CB0E40210B6BF1005D8C45 /* Sources */,
				14CB0E41210B6BF1005D8C45 /* Frameworks */,
				14CB0E42210B6BF1005D8C45 /* CopyFiles */,
			);
			buildRules = (
			);
			dependencies = (
			);
			name = "子集";
			productName = "子集";
			productReference = 14CB0E44210B6BF1005D8C45 /* 子集 */;
			productType = "com.apple.product-type.tool";
		};
		14D581942108CCBF006E932E /* 回文数 */ = {
			isa = PBXNativeTarget;
			buildConfigurationList = 14D5819B2108CCBF006E932E /* Build configuration list for PBXNativeTarget "回文数" */;
			buildPhases = (
				14D581912108CCBF006E932E /* Sources */,
				14D581922108CCBF006E932E /* Frameworks */,
				14D581932108CCBF006E932E /* CopyFiles */,
			);
			buildRules = (
			);
			dependencies = (
			);
			name = "回文数";
			productName = "回文数";
			productReference = 14D581952108CCBF006E932E /* 回文数 */;
			productType = "com.apple.product-type.tool";
		};
		14DC84E320A04A4D00F651BD /* 找树左下角的值 */ = {
			isa = PBXNativeTarget;
			buildConfigurationList = 14DC84EA20A04A4D00F651BD /* Build configuration list for PBXNativeTarget "找树左下角的值" */;
			buildPhases = (
				14DC84E020A04A4D00F651BD /* Sources */,
				14DC84E120A04A4D00F651BD /* Frameworks */,
				14DC84E220A04A4D00F651BD /* CopyFiles */,
			);
			buildRules = (
			);
			dependencies = (
			);
			name = "找树左下角的值";
			productName = "找树左下角的值";
			productReference = 14DC84E420A04A4D00F651BD /* 找树左下角的值 */;
			productType = "com.apple.product-type.tool";
		};
		14DC84EE20A0785000F651BD /* 删除与获得点数 */ = {
			isa = PBXNativeTarget;
			buildConfigurationList = 14DC84F320A0785000F651BD /* Build configuration list for PBXNativeTarget "删除与获得点数" */;
			buildPhases = (
				14DC84EB20A0785000F651BD /* Sources */,
				14DC84EC20A0785000F651BD /* Frameworks */,
				14DC84ED20A0785000F651BD /* CopyFiles */,
			);
			buildRules = (
			);
			dependencies = (
			);
			name = "删除与获得点数";
			productName = "删除与获得点数";
			productReference = 14DC84EF20A0785000F651BD /* 删除与获得点数 */;
			productType = "com.apple.product-type.tool";
		};
		14DC84FB20A1D30400F651BD /* 二叉树的右视图 */ = {
			isa = PBXNativeTarget;
			buildConfigurationList = 14DC850220A1D30400F651BD /* Build configuration list for PBXNativeTarget "二叉树的右视图" */;
			buildPhases = (
				14DC84F820A1D30400F651BD /* Sources */,
				14DC84F920A1D30400F651BD /* Frameworks */,
				14DC84FA20A1D30400F651BD /* CopyFiles */,
			);
			buildRules = (
			);
			dependencies = (
			);
			name = "二叉树的右视图";
			productName = "二叉树的右视图";
			productReference = 14DC84FC20A1D30400F651BD /* 二叉树的右视图 */;
			productType = "com.apple.product-type.tool";
		};
		14DC853220A3E05B00F651BD /* 从中序与后序遍历序列构造二叉树 */ = {
			isa = PBXNativeTarget;
			buildConfigurationList = 14DC853920A3E05B00F651BD /* Build configuration list for PBXNativeTarget "从中序与后序遍历序列构造二叉树" */;
			buildPhases = (
				14DC852F20A3E05B00F651BD /* Sources */,
				14DC853020A3E05B00F651BD /* Frameworks */,
				14DC853120A3E05B00F651BD /* CopyFiles */,
			);
			buildRules = (
			);
			dependencies = (
			);
			name = "从中序与后序遍历序列构造二叉树";
			productName = "从中序与后序遍历序列构造二叉树";
			productReference = 14DC853320A3E05B00F651BD /* 从中序与后序遍历序列构造二叉树 */;
			productType = "com.apple.product-type.tool";
		};
		14DC853D20A3F42100F651BD /* 翻转字符串里的单词 */ = {
			isa = PBXNativeTarget;
			buildConfigurationList = 14DC854220A3F42100F651BD /* Build configuration list for PBXNativeTarget "翻转字符串里的单词" */;
			buildPhases = (
				14DC853A20A3F42100F651BD /* Sources */,
				14DC853B20A3F42100F651BD /* Frameworks */,
				14DC853C20A3F42100F651BD /* CopyFiles */,
			);
			buildRules = (
			);
			dependencies = (
			);
			name = "翻转字符串里的单词";
			productName = "翻转字符串里的单词";
			productReference = 14DC853E20A3F42100F651BD /* 翻转字符串里的单词 */;
			productType = "com.apple.product-type.tool";
		};
		14E76E7E2095FEE50095BE75 /* 无重复字符的最长子串 */ = {
			isa = PBXNativeTarget;
			buildConfigurationList = 14E76E852095FEE50095BE75 /* Build configuration list for PBXNativeTarget "无重复字符的最长子串" */;
			buildPhases = (
				14E76E7B2095FEE50095BE75 /* Sources */,
				14E76E7C2095FEE50095BE75 /* Frameworks */,
				14E76E7D2095FEE50095BE75 /* CopyFiles */,
			);
			buildRules = (
			);
			dependencies = (
			);
			name = "无重复字符的最长子串";
			productName = "无重复字符的最长子串";
			productReference = 14E76E7F2095FEE50095BE75 /* 无重复字符的最长子串 */;
			productType = "com.apple.product-type.tool";
		};
		14F7C8C32113E83700CDE135 /* 组合总和 */ = {
			isa = PBXNativeTarget;
			buildConfigurationList = 14F7C8CA2113E83800CDE135 /* Build configuration list for PBXNativeTarget "组合总和" */;
			buildPhases = (
				14F7C8C02113E83700CDE135 /* Sources */,
				14F7C8C12113E83700CDE135 /* Frameworks */,
				14F7C8C22113E83700CDE135 /* CopyFiles */,
			);
			buildRules = (
			);
			dependencies = (
			);
			name = "组合总和";
			productName = "组合总和";
			productReference = 14F7C8C42113E83700CDE135 /* 组合总和 */;
			productType = "com.apple.product-type.tool";
		};
		14F7C8CE2113F2E800CDE135 /* 组合总和 II */ = {
			isa = PBXNativeTarget;
			buildConfigurationList = 14F7C8D32113F2E800CDE135 /* Build configuration list for PBXNativeTarget "组合总和 II" */;
			buildPhases = (
				14F7C8CB2113F2E800CDE135 /* Sources */,
				14F7C8CC2113F2E800CDE135 /* Frameworks */,
				14F7C8CD2113F2E800CDE135 /* CopyFiles */,
			);
			buildRules = (
			);
			dependencies = (
			);
			name = "组合总和 II";
			productName = "组合总和 II";
			productReference = 14F7C8CF2113F2E800CDE135 /* 组合总和 II */;
			productType = "com.apple.product-type.tool";
		};
/* End PBXNativeTarget section */

/* Begin PBXProject section */
		14773BC520934638006242C6 /* Project object */ = {
			isa = PBXProject;
			attributes = {
				LastUpgradeCheck = 0920;
				ORGANIZATIONNAME = "成";
				TargetAttributes = {
					1418C41C20B0021B006C1AF7 = {
						CreatedOnToolsVersion = 9.2;
						ProvisioningStyle = Automatic;
					};
					1421E389209FFAF900A4C208 = {
						CreatedOnToolsVersion = 9.2;
						ProvisioningStyle = Automatic;
					};
					1421E39420A0021C00A4C208 = {
						CreatedOnToolsVersion = 9.2;
						ProvisioningStyle = Automatic;
					};
					1473761B21154715004523D7 = {
						CreatedOnToolsVersion = 10.0;
						ProvisioningStyle = Automatic;
					};
					14773BCC20934638006242C6 = {
						CreatedOnToolsVersion = 9.2;
						ProvisioningStyle = Automatic;
					};
					14773BDA20934647006242C6 = {
						CreatedOnToolsVersion = 9.2;
						ProvisioningStyle = Automatic;
					};
					14773BE520934BFF006242C6 = {
						CreatedOnToolsVersion = 9.2;
						ProvisioningStyle = Automatic;
					};
					1488244520A8705B00BD4766 = {
						CreatedOnToolsVersion = 9.2;
						ProvisioningStyle = Automatic;
					};
					1488245020A9BDCF00BD4766 = {
						CreatedOnToolsVersion = 9.2;
						ProvisioningStyle = Automatic;
					};
					149CEB60210CCB9700690132 = {
						CreatedOnToolsVersion = 10.0;
						ProvisioningStyle = Automatic;
					};
					14A9F031210FEA9500901702 = {
						CreatedOnToolsVersion = 10.0;
						ProvisioningStyle = Automatic;
					};
					14A9F03E21113B3400901702 = {
						CreatedOnToolsVersion = 10.0;
						ProvisioningStyle = Automatic;
					};
					14C9F208211180AA00F5AD29 = {
						CreatedOnToolsVersion = 10.0;
						ProvisioningStyle = Automatic;
					};
					14C9F2132112B1D100F5AD29 = {
						CreatedOnToolsVersion = 10.0;
						ProvisioningStyle = Automatic;
					};
					14CB0E43210B6BF1005D8C45 = {
						CreatedOnToolsVersion = 10.0;
						ProvisioningStyle = Automatic;
					};
					14D581942108CCBF006E932E = {
						CreatedOnToolsVersion = 10.0;
						ProvisioningStyle = Automatic;
					};
					14DC84E320A04A4D00F651BD = {
						CreatedOnToolsVersion = 9.2;
						ProvisioningStyle = Automatic;
					};
					14DC84EE20A0785000F651BD = {
						CreatedOnToolsVersion = 9.2;
						ProvisioningStyle = Automatic;
					};
					14DC84FB20A1D30400F651BD = {
						CreatedOnToolsVersion = 9.2;
						ProvisioningStyle = Automatic;
					};
					14DC853220A3E05B00F651BD = {
						CreatedOnToolsVersion = 9.2;
						ProvisioningStyle = Automatic;
					};
					14DC853D20A3F42100F651BD = {
						CreatedOnToolsVersion = 9.2;
						ProvisioningStyle = Automatic;
					};
					14E76E7E2095FEE50095BE75 = {
						CreatedOnToolsVersion = 9.2;
						ProvisioningStyle = Automatic;
					};
					14F7C8C32113E83700CDE135 = {
						CreatedOnToolsVersion = 10.0;
						ProvisioningStyle = Automatic;
					};
					14F7C8CE2113F2E800CDE135 = {
						CreatedOnToolsVersion = 10.0;
						ProvisioningStyle = Automatic;
					};
				};
			};
			buildConfigurationList = 14773BC820934638006242C6 /* Build configuration list for PBXProject "LeetCode" */;
			compatibilityVersion = "Xcode 8.0";
			developmentRegion = en;
			hasScannedForEncodings = 0;
			knownRegions = (
				en,
			);
			mainGroup = 14773BC420934638006242C6;
			productRefGroup = 14773BCE20934638006242C6 /* Products */;
			projectDirPath = "";
			projectRoot = "";
			targets = (
				14773BCC20934638006242C6 /* LeetCode */,
				14773BDA20934647006242C6 /* 两数之和 */,
				14773BE520934BFF006242C6 /* 两数相加 */,
				14E76E7E2095FEE50095BE75 /* 无重复字符的最长子串 */,
				1421E389209FFAF900A4C208 /* 用队列实现栈 */,
				1421E39420A0021C00A4C208 /* 填充同一层的兄弟节点 II */,
				14DC84E320A04A4D00F651BD /* 找树左下角的值 */,
				14DC84EE20A0785000F651BD /* 删除与获得点数 */,
				14DC84FB20A1D30400F651BD /* 二叉树的右视图 */,
				14DC853220A3E05B00F651BD /* 从中序与后序遍历序列构造二叉树 */,
				14DC853D20A3F42100F651BD /* 翻转字符串里的单词 */,
				1488244520A8705B00BD4766 /* 不同的二叉搜索树 II */,
				1488245020A9BDCF00BD4766 /* 在二叉树中增加一行 */,
				1418C41C20B0021B006C1AF7 /* 反转链表 */,
				14D581942108CCBF006E932E /* 回文数 */,
				14CB0E43210B6BF1005D8C45 /* 子集 */,
				149CEB60210CCB9700690132 /* 全排列 II */,
				14A9F031210FEA9500901702 /* 全排列 */,
				14A9F03E21113B3400901702 /* 相对名次 */,
				14C9F208211180AA00F5AD29 /* N皇后 */,
				14C9F2132112B1D100F5AD29 /* 二叉搜索树迭代器 */,
				14F7C8C32113E83700CDE135 /* 组合总和 */,
				14F7C8CE2113F2E800CDE135 /* 组合总和 II */,
				1473761B21154715004523D7 /* 组合 */,
			);
		};
/* End PBXProject section */

/* Begin PBXSourcesBuildPhase section */
		1418C41920B0021B006C1AF7 /* Sources */ = {
			isa = PBXSourcesBuildPhase;
			buildActionMask = 2147483647;
			files = (
				1418C42020B0021B006C1AF7 /* main.cpp in Sources */,
			);
			runOnlyForDeploymentPostprocessing = 0;
		};
		1421E386209FFAF900A4C208 /* Sources */ = {
			isa = PBXSourcesBuildPhase;
			buildActionMask = 2147483647;
			files = (
				1421E38D209FFAF900A4C208 /* main.cpp in Sources */,
			);
			runOnlyForDeploymentPostprocessing = 0;
		};
		1421E39120A0021C00A4C208 /* Sources */ = {
			isa = PBXSourcesBuildPhase;
			buildActionMask = 2147483647;
			files = (
				1421E39820A0021C00A4C208 /* main.cpp in Sources */,
			);
			runOnlyForDeploymentPostprocessing = 0;
		};
		1473761821154715004523D7 /* Sources */ = {
			isa = PBXSourcesBuildPhase;
			buildActionMask = 2147483647;
			files = (
				1473761F21154715004523D7 /* main.cpp in Sources */,
			);
			runOnlyForDeploymentPostprocessing = 0;
		};
		14773BC920934638006242C6 /* Sources */ = {
			isa = PBXSourcesBuildPhase;
			buildActionMask = 2147483647;
			files = (
				14773BD120934638006242C6 /* main.cpp in Sources */,
			);
			runOnlyForDeploymentPostprocessing = 0;
		};
		14773BD720934647006242C6 /* Sources */ = {
			isa = PBXSourcesBuildPhase;
			buildActionMask = 2147483647;
			files = (
				14773BDE20934647006242C6 /* main.cpp in Sources */,
			);
			runOnlyForDeploymentPostprocessing = 0;
		};
		14773BE220934BFF006242C6 /* Sources */ = {
			isa = PBXSourcesBuildPhase;
			buildActionMask = 2147483647;
			files = (
				14773BE920934BFF006242C6 /* main.cpp in Sources */,
			);
			runOnlyForDeploymentPostprocessing = 0;
		};
		1488244220A8705B00BD4766 /* Sources */ = {
			isa = PBXSourcesBuildPhase;
			buildActionMask = 2147483647;
			files = (
				1488244920A8705B00BD4766 /* main.cpp in Sources */,
			);
			runOnlyForDeploymentPostprocessing = 0;
		};
		1488244D20A9BDCF00BD4766 /* Sources */ = {
			isa = PBXSourcesBuildPhase;
			buildActionMask = 2147483647;
			files = (
				1488245420A9BDCF00BD4766 /* main.cpp in Sources */,
			);
			runOnlyForDeploymentPostprocessing = 0;
		};
		149CEB5D210CCB9700690132 /* Sources */ = {
			isa = PBXSourcesBuildPhase;
			buildActionMask = 2147483647;
			files = (
				149CEB64210CCB9700690132 /* main.cpp in Sources */,
			);
			runOnlyForDeploymentPostprocessing = 0;
		};
		14A9F02E210FEA9500901702 /* Sources */ = {
			isa = PBXSourcesBuildPhase;
			buildActionMask = 2147483647;
			files = (
				14A9F035210FEA9500901702 /* main.cpp in Sources */,
			);
			runOnlyForDeploymentPostprocessing = 0;
		};
		14A9F03B21113B3400901702 /* Sources */ = {
			isa = PBXSourcesBuildPhase;
			buildActionMask = 2147483647;
			files = (
				14A9F04221113B3400901702 /* main.cpp in Sources */,
			);
			runOnlyForDeploymentPostprocessing = 0;
		};
		14C9F205211180AA00F5AD29 /* Sources */ = {
			isa = PBXSourcesBuildPhase;
			buildActionMask = 2147483647;
			files = (
				14C9F20C211180AA00F5AD29 /* main.cpp in Sources */,
			);
			runOnlyForDeploymentPostprocessing = 0;
		};
		14C9F2102112B1D100F5AD29 /* Sources */ = {
			isa = PBXSourcesBuildPhase;
			buildActionMask = 2147483647;
			files = (
				14C9F2172112B1D200F5AD29 /* main.cpp in Sources */,
			);
			runOnlyForDeploymentPostprocessing = 0;
		};
		14CB0E40210B6BF1005D8C45 /* Sources */ = {
			isa = PBXSourcesBuildPhase;
			buildActionMask = 2147483647;
			files = (
				14CB0E47210B6BF1005D8C45 /* main.cpp in Sources */,
			);
			runOnlyForDeploymentPostprocessing = 0;
		};
		14D581912108CCBF006E932E /* Sources */ = {
			isa = PBXSourcesBuildPhase;
			buildActionMask = 2147483647;
			files = (
				14D581982108CCBF006E932E /* main.cpp in Sources */,
			);
			runOnlyForDeploymentPostprocessing = 0;
		};
		14DC84E020A04A4D00F651BD /* Sources */ = {
			isa = PBXSourcesBuildPhase;
			buildActionMask = 2147483647;
			files = (
				14DC84E720A04A4D00F651BD /* main.cpp in Sources */,
			);
			runOnlyForDeploymentPostprocessing = 0;
		};
		14DC84EB20A0785000F651BD /* Sources */ = {
			isa = PBXSourcesBuildPhase;
			buildActionMask = 2147483647;
			files = (
				14DC84F220A0785000F651BD /* main.cpp in Sources */,
			);
			runOnlyForDeploymentPostprocessing = 0;
		};
		14DC84F820A1D30400F651BD /* Sources */ = {
			isa = PBXSourcesBuildPhase;
			buildActionMask = 2147483647;
			files = (
				14DC84FF20A1D30400F651BD /* main.cpp in Sources */,
			);
			runOnlyForDeploymentPostprocessing = 0;
		};
		14DC852F20A3E05B00F651BD /* Sources */ = {
			isa = PBXSourcesBuildPhase;
			buildActionMask = 2147483647;
			files = (
				14DC853620A3E05B00F651BD /* main.cpp in Sources */,
			);
			runOnlyForDeploymentPostprocessing = 0;
		};
		14DC853A20A3F42100F651BD /* Sources */ = {
			isa = PBXSourcesBuildPhase;
			buildActionMask = 2147483647;
			files = (
				14DC854120A3F42100F651BD /* main.cpp in Sources */,
			);
			runOnlyForDeploymentPostprocessing = 0;
		};
		14E76E7B2095FEE50095BE75 /* Sources */ = {
			isa = PBXSourcesBuildPhase;
			buildActionMask = 2147483647;
			files = (
				14E76E822095FEE50095BE75 /* main.cpp in Sources */,
			);
			runOnlyForDeploymentPostprocessing = 0;
		};
		14F7C8C02113E83700CDE135 /* Sources */ = {
			isa = PBXSourcesBuildPhase;
			buildActionMask = 2147483647;
			files = (
				14F7C8C72113E83800CDE135 /* main.cpp in Sources */,
			);
			runOnlyForDeploymentPostprocessing = 0;
		};
		14F7C8CB2113F2E800CDE135 /* Sources */ = {
			isa = PBXSourcesBuildPhase;
			buildActionMask = 2147483647;
			files = (
				14F7C8D22113F2E800CDE135 /* main.cpp in Sources */,
			);
			runOnlyForDeploymentPostprocessing = 0;
		};
/* End PBXSourcesBuildPhase section */

/* Begin XCBuildConfiguration section */
		1418C42120B0021B006C1AF7 /* Debug */ = {
			isa = XCBuildConfiguration;
			buildSettings = {
				CODE_SIGN_STYLE = Automatic;
				PRODUCT_NAME = "$(TARGET_NAME)";
			};
			name = Debug;
		};
		1418C42220B0021B006C1AF7 /* Release */ = {
			isa = XCBuildConfiguration;
			buildSettings = {
				CODE_SIGN_STYLE = Automatic;
				PRODUCT_NAME = "$(TARGET_NAME)";
			};
			name = Release;
		};
		1421E38E209FFAF900A4C208 /* Debug */ = {
			isa = XCBuildConfiguration;
			buildSettings = {
				CODE_SIGN_STYLE = Automatic;
				PRODUCT_NAME = "$(TARGET_NAME)";
			};
			name = Debug;
		};
		1421E38F209FFAF900A4C208 /* Release */ = {
			isa = XCBuildConfiguration;
			buildSettings = {
				CODE_SIGN_STYLE = Automatic;
				PRODUCT_NAME = "$(TARGET_NAME)";
			};
			name = Release;
		};
		1421E39A20A0021C00A4C208 /* Debug */ = {
			isa = XCBuildConfiguration;
			buildSettings = {
				CODE_SIGN_STYLE = Automatic;
				PRODUCT_NAME = "$(TARGET_NAME)";
			};
			name = Debug;
		};
		1421E39B20A0021C00A4C208 /* Release */ = {
			isa = XCBuildConfiguration;
			buildSettings = {
				CODE_SIGN_STYLE = Automatic;
				PRODUCT_NAME = "$(TARGET_NAME)";
			};
			name = Release;
		};
		1473762021154715004523D7 /* Debug */ = {
			isa = XCBuildConfiguration;
			buildSettings = {
				CLANG_ENABLE_OBJC_WEAK = YES;
				CLANG_WARN_DEPRECATED_OBJC_IMPLEMENTATIONS = YES;
				CLANG_WARN_OBJC_IMPLICIT_RETAIN_SELF = YES;
				CODE_SIGN_IDENTITY = "Mac Developer";
				CODE_SIGN_STYLE = Automatic;
				DEVELOPMENT_TEAM = 6426K9AWKV;
				MACOSX_DEPLOYMENT_TARGET = 10.13;
				MTL_ENABLE_DEBUG_INFO = INCLUDE_SOURCE;
				PRODUCT_NAME = "$(TARGET_NAME)";
			};
			name = Debug;
		};
		1473762121154715004523D7 /* Release */ = {
			isa = XCBuildConfiguration;
			buildSettings = {
				CLANG_ENABLE_OBJC_WEAK = YES;
				CLANG_WARN_DEPRECATED_OBJC_IMPLEMENTATIONS = YES;
				CLANG_WARN_OBJC_IMPLICIT_RETAIN_SELF = YES;
				CODE_SIGN_IDENTITY = "Mac Developer";
				CODE_SIGN_STYLE = Automatic;
				DEVELOPMENT_TEAM = 6426K9AWKV;
				MACOSX_DEPLOYMENT_TARGET = 10.13;
				PRODUCT_NAME = "$(TARGET_NAME)";
			};
			name = Release;
		};
		14773BD220934638006242C6 /* Debug */ = {
			isa = XCBuildConfiguration;
			buildSettings = {
				ALWAYS_SEARCH_USER_PATHS = NO;
				CLANG_ANALYZER_NONNULL = YES;
				CLANG_ANALYZER_NUMBER_OBJECT_CONVERSION = YES_AGGRESSIVE;
				CLANG_CXX_LANGUAGE_STANDARD = "gnu++14";
				CLANG_CXX_LIBRARY = "libc++";
				CLANG_ENABLE_MODULES = YES;
				CLANG_ENABLE_OBJC_ARC = YES;
				CLANG_WARN_BLOCK_CAPTURE_AUTORELEASING = YES;
				CLANG_WARN_BOOL_CONVERSION = YES;
				CLANG_WARN_COMMA = YES;
				CLANG_WARN_CONSTANT_CONVERSION = YES;
				CLANG_WARN_DIRECT_OBJC_ISA_USAGE = YES_ERROR;
				CLANG_WARN_DOCUMENTATION_COMMENTS = YES;
				CLANG_WARN_EMPTY_BODY = YES;
				CLANG_WARN_ENUM_CONVERSION = YES;
				CLANG_WARN_INFINITE_RECURSION = YES;
				CLANG_WARN_INT_CONVERSION = YES;
				CLANG_WARN_NON_LITERAL_NULL_CONVERSION = YES;
				CLANG_WARN_OBJC_LITERAL_CONVERSION = YES;
				CLANG_WARN_OBJC_ROOT_CLASS = YES_ERROR;
				CLANG_WARN_RANGE_LOOP_ANALYSIS = YES;
				CLANG_WARN_STRICT_PROTOTYPES = YES;
				CLANG_WARN_SUSPICIOUS_MOVE = YES;
				CLANG_WARN_UNGUARDED_AVAILABILITY = YES_AGGRESSIVE;
				CLANG_WARN_UNREACHABLE_CODE = YES;
				CLANG_WARN__DUPLICATE_METHOD_MATCH = YES;
				CODE_SIGN_IDENTITY = "-";
				COPY_PHASE_STRIP = NO;
				DEBUG_INFORMATION_FORMAT = dwarf;
				ENABLE_STRICT_OBJC_MSGSEND = YES;
				ENABLE_TESTABILITY = YES;
				GCC_C_LANGUAGE_STANDARD = gnu11;
				GCC_DYNAMIC_NO_PIC = NO;
				GCC_NO_COMMON_BLOCKS = YES;
				GCC_OPTIMIZATION_LEVEL = 0;
				GCC_PREPROCESSOR_DEFINITIONS = (
					"DEBUG=1",
					"$(inherited)",
				);
				GCC_WARN_64_TO_32_BIT_CONVERSION = YES;
				GCC_WARN_ABOUT_RETURN_TYPE = YES_ERROR;
				GCC_WARN_UNDECLARED_SELECTOR = YES;
				GCC_WARN_UNINITIALIZED_AUTOS = YES_AGGRESSIVE;
				GCC_WARN_UNUSED_FUNCTION = YES;
				GCC_WARN_UNUSED_VARIABLE = YES;
				MACOSX_DEPLOYMENT_TARGET = 10.12;
				MTL_ENABLE_DEBUG_INFO = YES;
				ONLY_ACTIVE_ARCH = YES;
				SDKROOT = macosx;
			};
			name = Debug;
		};
		14773BD320934638006242C6 /* Release */ = {
			isa = XCBuildConfiguration;
			buildSettings = {
				ALWAYS_SEARCH_USER_PATHS = NO;
				CLANG_ANALYZER_NONNULL = YES;
				CLANG_ANALYZER_NUMBER_OBJECT_CONVERSION = YES_AGGRESSIVE;
				CLANG_CXX_LANGUAGE_STANDARD = "gnu++14";
				CLANG_CXX_LIBRARY = "libc++";
				CLANG_ENABLE_MODULES = YES;
				CLANG_ENABLE_OBJC_ARC = YES;
				CLANG_WARN_BLOCK_CAPTURE_AUTORELEASING = YES;
				CLANG_WARN_BOOL_CONVERSION = YES;
				CLANG_WARN_COMMA = YES;
				CLANG_WARN_CONSTANT_CONVERSION = YES;
				CLANG_WARN_DIRECT_OBJC_ISA_USAGE = YES_ERROR;
				CLANG_WARN_DOCUMENTATION_COMMENTS = YES;
				CLANG_WARN_EMPTY_BODY = YES;
				CLANG_WARN_ENUM_CONVERSION = YES;
				CLANG_WARN_INFINITE_RECURSION = YES;
				CLANG_WARN_INT_CONVERSION = YES;
				CLANG_WARN_NON_LITERAL_NULL_CONVERSION = YES;
				CLANG_WARN_OBJC_LITERAL_CONVERSION = YES;
				CLANG_WARN_OBJC_ROOT_CLASS = YES_ERROR;
				CLANG_WARN_RANGE_LOOP_ANALYSIS = YES;
				CLANG_WARN_STRICT_PROTOTYPES = YES;
				CLANG_WARN_SUSPICIOUS_MOVE = YES;
				CLANG_WARN_UNGUARDED_AVAILABILITY = YES_AGGRESSIVE;
				CLANG_WARN_UNREACHABLE_CODE = YES;
				CLANG_WARN__DUPLICATE_METHOD_MATCH = YES;
				CODE_SIGN_IDENTITY = "-";
				COPY_PHASE_STRIP = NO;
				DEBUG_INFORMATION_FORMAT = "dwarf-with-dsym";
				ENABLE_NS_ASSERTIONS = NO;
				ENABLE_STRICT_OBJC_MSGSEND = YES;
				GCC_C_LANGUAGE_STANDARD = gnu11;
				GCC_NO_COMMON_BLOCKS = YES;
				GCC_WARN_64_TO_32_BIT_CONVERSION = YES;
				GCC_WARN_ABOUT_RETURN_TYPE = YES_ERROR;
				GCC_WARN_UNDECLARED_SELECTOR = YES;
				GCC_WARN_UNINITIALIZED_AUTOS = YES_AGGRESSIVE;
				GCC_WARN_UNUSED_FUNCTION = YES;
				GCC_WARN_UNUSED_VARIABLE = YES;
				MACOSX_DEPLOYMENT_TARGET = 10.12;
				MTL_ENABLE_DEBUG_INFO = NO;
				SDKROOT = macosx;
			};
			name = Release;
		};
		14773BD520934638006242C6 /* Debug */ = {
			isa = XCBuildConfiguration;
			buildSettings = {
				CODE_SIGN_STYLE = Automatic;
				PRODUCT_NAME = "$(TARGET_NAME)";
			};
			name = Debug;
		};
		14773BD620934638006242C6 /* Release */ = {
			isa = XCBuildConfiguration;
			buildSettings = {
				CODE_SIGN_STYLE = Automatic;
				PRODUCT_NAME = "$(TARGET_NAME)";
			};
			name = Release;
		};
		14773BE020934647006242C6 /* Debug */ = {
			isa = XCBuildConfiguration;
			buildSettings = {
				CODE_SIGN_STYLE = Automatic;
				PRODUCT_NAME = "$(TARGET_NAME)";
			};
			name = Debug;
		};
		14773BE120934647006242C6 /* Release */ = {
			isa = XCBuildConfiguration;
			buildSettings = {
				CODE_SIGN_STYLE = Automatic;
				PRODUCT_NAME = "$(TARGET_NAME)";
			};
			name = Release;
		};
		14773BEA20934BFF006242C6 /* Debug */ = {
			isa = XCBuildConfiguration;
			buildSettings = {
				CODE_SIGN_STYLE = Automatic;
				PRODUCT_NAME = "$(TARGET_NAME)";
			};
			name = Debug;
		};
		14773BEB20934BFF006242C6 /* Release */ = {
			isa = XCBuildConfiguration;
			buildSettings = {
				CODE_SIGN_STYLE = Automatic;
				PRODUCT_NAME = "$(TARGET_NAME)";
			};
			name = Release;
		};
		1488244A20A8705B00BD4766 /* Debug */ = {
			isa = XCBuildConfiguration;
			buildSettings = {
				CODE_SIGN_STYLE = Automatic;
				PRODUCT_NAME = "$(TARGET_NAME)";
			};
			name = Debug;
		};
		1488244B20A8705B00BD4766 /* Release */ = {
			isa = XCBuildConfiguration;
			buildSettings = {
				CODE_SIGN_STYLE = Automatic;
				PRODUCT_NAME = "$(TARGET_NAME)";
			};
			name = Release;
		};
		1488245620A9BDCF00BD4766 /* Debug */ = {
			isa = XCBuildConfiguration;
			buildSettings = {
				CODE_SIGN_STYLE = Automatic;
				PRODUCT_NAME = "$(TARGET_NAME)";
			};
			name = Debug;
		};
		1488245720A9BDCF00BD4766 /* Release */ = {
			isa = XCBuildConfiguration;
			buildSettings = {
				CODE_SIGN_STYLE = Automatic;
				PRODUCT_NAME = "$(TARGET_NAME)";
			};
			name = Release;
		};
		149CEB65210CCB9700690132 /* Debug */ = {
			isa = XCBuildConfiguration;
			buildSettings = {
				CLANG_ENABLE_OBJC_WEAK = YES;
				CLANG_WARN_DEPRECATED_OBJC_IMPLEMENTATIONS = YES;
				CLANG_WARN_OBJC_IMPLICIT_RETAIN_SELF = YES;
				CODE_SIGN_IDENTITY = "Mac Developer";
				CODE_SIGN_STYLE = Automatic;
				DEVELOPMENT_TEAM = 6426K9AWKV;
				MACOSX_DEPLOYMENT_TARGET = 10.13;
				MTL_ENABLE_DEBUG_INFO = INCLUDE_SOURCE;
				PRODUCT_NAME = "$(TARGET_NAME)";
			};
			name = Debug;
		};
		149CEB66210CCB9700690132 /* Release */ = {
			isa = XCBuildConfiguration;
			buildSettings = {
				CLANG_ENABLE_OBJC_WEAK = YES;
				CLANG_WARN_DEPRECATED_OBJC_IMPLEMENTATIONS = YES;
				CLANG_WARN_OBJC_IMPLICIT_RETAIN_SELF = YES;
				CODE_SIGN_IDENTITY = "Mac Developer";
				CODE_SIGN_STYLE = Automatic;
				DEVELOPMENT_TEAM = 6426K9AWKV;
				MACOSX_DEPLOYMENT_TARGET = 10.13;
				PRODUCT_NAME = "$(TARGET_NAME)";
			};
			name = Release;
		};
		14A9F036210FEA9500901702 /* Debug */ = {
			isa = XCBuildConfiguration;
			buildSettings = {
				CLANG_ENABLE_OBJC_WEAK = YES;
				CLANG_WARN_DEPRECATED_OBJC_IMPLEMENTATIONS = YES;
				CLANG_WARN_OBJC_IMPLICIT_RETAIN_SELF = YES;
				CODE_SIGN_IDENTITY = "Mac Developer";
				CODE_SIGN_STYLE = Automatic;
				DEVELOPMENT_TEAM = 6426K9AWKV;
				MACOSX_DEPLOYMENT_TARGET = 10.13;
				MTL_ENABLE_DEBUG_INFO = INCLUDE_SOURCE;
				PRODUCT_NAME = "$(TARGET_NAME)";
			};
			name = Debug;
		};
		14A9F037210FEA9500901702 /* Release */ = {
			isa = XCBuildConfiguration;
			buildSettings = {
				CLANG_ENABLE_OBJC_WEAK = YES;
				CLANG_WARN_DEPRECATED_OBJC_IMPLEMENTATIONS = YES;
				CLANG_WARN_OBJC_IMPLICIT_RETAIN_SELF = YES;
				CODE_SIGN_IDENTITY = "Mac Developer";
				CODE_SIGN_STYLE = Automatic;
				DEVELOPMENT_TEAM = 6426K9AWKV;
				MACOSX_DEPLOYMENT_TARGET = 10.13;
				PRODUCT_NAME = "$(TARGET_NAME)";
			};
			name = Release;
		};
		14A9F04421113B3400901702 /* Debug */ = {
			isa = XCBuildConfiguration;
			buildSettings = {
				CLANG_ENABLE_OBJC_WEAK = YES;
				CLANG_WARN_DEPRECATED_OBJC_IMPLEMENTATIONS = YES;
				CLANG_WARN_OBJC_IMPLICIT_RETAIN_SELF = YES;
				CODE_SIGN_IDENTITY = "Mac Developer";
				CODE_SIGN_STYLE = Automatic;
				DEVELOPMENT_TEAM = 6426K9AWKV;
				MACOSX_DEPLOYMENT_TARGET = 10.13;
				MTL_ENABLE_DEBUG_INFO = INCLUDE_SOURCE;
				PRODUCT_NAME = "$(TARGET_NAME)";
			};
			name = Debug;
		};
		14A9F04521113B3400901702 /* Release */ = {
			isa = XCBuildConfiguration;
			buildSettings = {
				CLANG_ENABLE_OBJC_WEAK = YES;
				CLANG_WARN_DEPRECATED_OBJC_IMPLEMENTATIONS = YES;
				CLANG_WARN_OBJC_IMPLICIT_RETAIN_SELF = YES;
				CODE_SIGN_IDENTITY = "Mac Developer";
				CODE_SIGN_STYLE = Automatic;
				DEVELOPMENT_TEAM = 6426K9AWKV;
				MACOSX_DEPLOYMENT_TARGET = 10.13;
				PRODUCT_NAME = "$(TARGET_NAME)";
			};
			name = Release;
		};
		14C9F20E211180AA00F5AD29 /* Debug */ = {
			isa = XCBuildConfiguration;
			buildSettings = {
				CLANG_ENABLE_OBJC_WEAK = YES;
				CLANG_WARN_DEPRECATED_OBJC_IMPLEMENTATIONS = YES;
				CLANG_WARN_OBJC_IMPLICIT_RETAIN_SELF = YES;
				CODE_SIGN_IDENTITY = "Mac Developer";
				CODE_SIGN_STYLE = Automatic;
				DEVELOPMENT_TEAM = 6426K9AWKV;
				MACOSX_DEPLOYMENT_TARGET = 10.13;
				MTL_ENABLE_DEBUG_INFO = INCLUDE_SOURCE;
				PRODUCT_NAME = "$(TARGET_NAME)";
			};
			name = Debug;
		};
		14C9F20F211180AA00F5AD29 /* Release */ = {
			isa = XCBuildConfiguration;
			buildSettings = {
				CLANG_ENABLE_OBJC_WEAK = YES;
				CLANG_WARN_DEPRECATED_OBJC_IMPLEMENTATIONS = YES;
				CLANG_WARN_OBJC_IMPLICIT_RETAIN_SELF = YES;
				CODE_SIGN_IDENTITY = "Mac Developer";
				CODE_SIGN_STYLE = Automatic;
				DEVELOPMENT_TEAM = 6426K9AWKV;
				MACOSX_DEPLOYMENT_TARGET = 10.13;
				PRODUCT_NAME = "$(TARGET_NAME)";
			};
			name = Release;
		};
		14C9F2192112B1D200F5AD29 /* Debug */ = {
			isa = XCBuildConfiguration;
			buildSettings = {
				CLANG_ENABLE_OBJC_WEAK = YES;
				CLANG_WARN_DEPRECATED_OBJC_IMPLEMENTATIONS = YES;
				CLANG_WARN_OBJC_IMPLICIT_RETAIN_SELF = YES;
				CODE_SIGN_IDENTITY = "Mac Developer";
				CODE_SIGN_STYLE = Automatic;
				DEVELOPMENT_TEAM = 6426K9AWKV;
				MACOSX_DEPLOYMENT_TARGET = 10.13;
				MTL_ENABLE_DEBUG_INFO = INCLUDE_SOURCE;
				PRODUCT_NAME = "$(TARGET_NAME)";
			};
			name = Debug;
		};
		14C9F21A2112B1D200F5AD29 /* Release */ = {
			isa = XCBuildConfiguration;
			buildSettings = {
				CLANG_ENABLE_OBJC_WEAK = YES;
				CLANG_WARN_DEPRECATED_OBJC_IMPLEMENTATIONS = YES;
				CLANG_WARN_OBJC_IMPLICIT_RETAIN_SELF = YES;
				CODE_SIGN_IDENTITY = "Mac Developer";
				CODE_SIGN_STYLE = Automatic;
				DEVELOPMENT_TEAM = 6426K9AWKV;
				MACOSX_DEPLOYMENT_TARGET = 10.13;
				PRODUCT_NAME = "$(TARGET_NAME)";
			};
			name = Release;
		};
		14CB0E48210B6BF1005D8C45 /* Debug */ = {
			isa = XCBuildConfiguration;
			buildSettings = {
				CLANG_ENABLE_OBJC_WEAK = YES;
				CLANG_WARN_DEPRECATED_OBJC_IMPLEMENTATIONS = YES;
				CLANG_WARN_OBJC_IMPLICIT_RETAIN_SELF = YES;
				CODE_SIGN_IDENTITY = "Mac Developer";
				CODE_SIGN_STYLE = Automatic;
				DEVELOPMENT_TEAM = 6426K9AWKV;
				MACOSX_DEPLOYMENT_TARGET = 10.13;
				MTL_ENABLE_DEBUG_INFO = INCLUDE_SOURCE;
				PRODUCT_NAME = "$(TARGET_NAME)";
			};
			name = Debug;
		};
		14CB0E49210B6BF1005D8C45 /* Release */ = {
			isa = XCBuildConfiguration;
			buildSettings = {
				CLANG_ENABLE_OBJC_WEAK = YES;
				CLANG_WARN_DEPRECATED_OBJC_IMPLEMENTATIONS = YES;
				CLANG_WARN_OBJC_IMPLICIT_RETAIN_SELF = YES;
				CODE_SIGN_IDENTITY = "Mac Developer";
				CODE_SIGN_STYLE = Automatic;
				DEVELOPMENT_TEAM = 6426K9AWKV;
				MACOSX_DEPLOYMENT_TARGET = 10.13;
				PRODUCT_NAME = "$(TARGET_NAME)";
			};
			name = Release;
		};
		14D581992108CCBF006E932E /* Debug */ = {
			isa = XCBuildConfiguration;
			buildSettings = {
				CLANG_ENABLE_OBJC_WEAK = YES;
				CLANG_WARN_DEPRECATED_OBJC_IMPLEMENTATIONS = YES;
				CLANG_WARN_OBJC_IMPLICIT_RETAIN_SELF = YES;
				CODE_SIGN_IDENTITY = "Mac Developer";
				CODE_SIGN_STYLE = Automatic;
				DEVELOPMENT_TEAM = 6426K9AWKV;
				MACOSX_DEPLOYMENT_TARGET = 10.13;
				MTL_ENABLE_DEBUG_INFO = INCLUDE_SOURCE;
				PRODUCT_NAME = "$(TARGET_NAME)";
			};
			name = Debug;
		};
		14D5819A2108CCBF006E932E /* Release */ = {
			isa = XCBuildConfiguration;
			buildSettings = {
				CLANG_ENABLE_OBJC_WEAK = YES;
				CLANG_WARN_DEPRECATED_OBJC_IMPLEMENTATIONS = YES;
				CLANG_WARN_OBJC_IMPLICIT_RETAIN_SELF = YES;
				CODE_SIGN_IDENTITY = "Mac Developer";
				CODE_SIGN_STYLE = Automatic;
				DEVELOPMENT_TEAM = 6426K9AWKV;
				MACOSX_DEPLOYMENT_TARGET = 10.13;
				PRODUCT_NAME = "$(TARGET_NAME)";
			};
			name = Release;
		};
		14DC84E820A04A4D00F651BD /* Debug */ = {
			isa = XCBuildConfiguration;
			buildSettings = {
				CODE_SIGN_STYLE = Automatic;
				PRODUCT_NAME = "$(TARGET_NAME)";
			};
			name = Debug;
		};
		14DC84E920A04A4D00F651BD /* Release */ = {
			isa = XCBuildConfiguration;
			buildSettings = {
				CODE_SIGN_STYLE = Automatic;
				PRODUCT_NAME = "$(TARGET_NAME)";
			};
			name = Release;
		};
		14DC84F420A0785000F651BD /* Debug */ = {
			isa = XCBuildConfiguration;
			buildSettings = {
				CODE_SIGN_STYLE = Automatic;
				PRODUCT_NAME = "$(TARGET_NAME)";
			};
			name = Debug;
		};
		14DC84F520A0785000F651BD /* Release */ = {
			isa = XCBuildConfiguration;
			buildSettings = {
				CODE_SIGN_STYLE = Automatic;
				PRODUCT_NAME = "$(TARGET_NAME)";
			};
			name = Release;
		};
		14DC850020A1D30400F651BD /* Debug */ = {
			isa = XCBuildConfiguration;
			buildSettings = {
				CODE_SIGN_STYLE = Automatic;
				PRODUCT_NAME = "$(TARGET_NAME)";
			};
			name = Debug;
		};
		14DC850120A1D30400F651BD /* Release */ = {
			isa = XCBuildConfiguration;
			buildSettings = {
				CODE_SIGN_STYLE = Automatic;
				PRODUCT_NAME = "$(TARGET_NAME)";
			};
			name = Release;
		};
		14DC853720A3E05B00F651BD /* Debug */ = {
			isa = XCBuildConfiguration;
			buildSettings = {
				CODE_SIGN_STYLE = Automatic;
				PRODUCT_NAME = "$(TARGET_NAME)";
			};
			name = Debug;
		};
		14DC853820A3E05B00F651BD /* Release */ = {
			isa = XCBuildConfiguration;
			buildSettings = {
				CODE_SIGN_STYLE = Automatic;
				PRODUCT_NAME = "$(TARGET_NAME)";
			};
			name = Release;
		};
		14DC854320A3F42100F651BD /* Debug */ = {
			isa = XCBuildConfiguration;
			buildSettings = {
				CODE_SIGN_STYLE = Automatic;
				PRODUCT_NAME = "$(TARGET_NAME)";
			};
			name = Debug;
		};
		14DC854420A3F42100F651BD /* Release */ = {
			isa = XCBuildConfiguration;
			buildSettings = {
				CODE_SIGN_STYLE = Automatic;
				PRODUCT_NAME = "$(TARGET_NAME)";
			};
			name = Release;
		};
		14E76E832095FEE50095BE75 /* Debug */ = {
			isa = XCBuildConfiguration;
			buildSettings = {
				CODE_SIGN_STYLE = Automatic;
				PRODUCT_NAME = "$(TARGET_NAME)";
			};
			name = Debug;
		};
		14E76E842095FEE50095BE75 /* Release */ = {
			isa = XCBuildConfiguration;
			buildSettings = {
				CODE_SIGN_STYLE = Automatic;
				PRODUCT_NAME = "$(TARGET_NAME)";
			};
			name = Release;
		};
		14F7C8C82113E83800CDE135 /* Debug */ = {
			isa = XCBuildConfiguration;
			buildSettings = {
				CLANG_ENABLE_OBJC_WEAK = YES;
				CLANG_WARN_DEPRECATED_OBJC_IMPLEMENTATIONS = YES;
				CLANG_WARN_OBJC_IMPLICIT_RETAIN_SELF = YES;
				CODE_SIGN_IDENTITY = "Mac Developer";
				CODE_SIGN_STYLE = Automatic;
				DEVELOPMENT_TEAM = 6426K9AWKV;
				MACOSX_DEPLOYMENT_TARGET = 10.13;
				MTL_ENABLE_DEBUG_INFO = INCLUDE_SOURCE;
				PRODUCT_NAME = "$(TARGET_NAME)";
			};
			name = Debug;
		};
		14F7C8C92113E83800CDE135 /* Release */ = {
			isa = XCBuildConfiguration;
			buildSettings = {
				CLANG_ENABLE_OBJC_WEAK = YES;
				CLANG_WARN_DEPRECATED_OBJC_IMPLEMENTATIONS = YES;
				CLANG_WARN_OBJC_IMPLICIT_RETAIN_SELF = YES;
				CODE_SIGN_IDENTITY = "Mac Developer";
				CODE_SIGN_STYLE = Automatic;
				DEVELOPMENT_TEAM = 6426K9AWKV;
				MACOSX_DEPLOYMENT_TARGET = 10.13;
				PRODUCT_NAME = "$(TARGET_NAME)";
			};
			name = Release;
		};
		14F7C8D42113F2E800CDE135 /* Debug */ = {
			isa = XCBuildConfiguration;
			buildSettings = {
				CLANG_ENABLE_OBJC_WEAK = YES;
				CLANG_WARN_DEPRECATED_OBJC_IMPLEMENTATIONS = YES;
				CLANG_WARN_OBJC_IMPLICIT_RETAIN_SELF = YES;
				CODE_SIGN_IDENTITY = "Mac Developer";
				CODE_SIGN_STYLE = Automatic;
				DEVELOPMENT_TEAM = 6426K9AWKV;
				MACOSX_DEPLOYMENT_TARGET = 10.13;
				MTL_ENABLE_DEBUG_INFO = INCLUDE_SOURCE;
				PRODUCT_NAME = "$(TARGET_NAME)";
			};
			name = Debug;
		};
		14F7C8D52113F2E800CDE135 /* Release */ = {
			isa = XCBuildConfiguration;
			buildSettings = {
				CLANG_ENABLE_OBJC_WEAK = YES;
				CLANG_WARN_DEPRECATED_OBJC_IMPLEMENTATIONS = YES;
				CLANG_WARN_OBJC_IMPLICIT_RETAIN_SELF = YES;
				CODE_SIGN_IDENTITY = "Mac Developer";
				CODE_SIGN_STYLE = Automatic;
				DEVELOPMENT_TEAM = 6426K9AWKV;
				MACOSX_DEPLOYMENT_TARGET = 10.13;
				PRODUCT_NAME = "$(TARGET_NAME)";
			};
			name = Release;
		};
/* End XCBuildConfiguration section */

/* Begin XCConfigurationList section */
		1418C42320B0021B006C1AF7 /* Build configuration list for PBXNativeTarget "反转链表" */ = {
			isa = XCConfigurationList;
			buildConfigurations = (
				1418C42120B0021B006C1AF7 /* Debug */,
				1418C42220B0021B006C1AF7 /* Release */,
			);
			defaultConfigurationIsVisible = 0;
			defaultConfigurationName = Release;
		};
		1421E390209FFAF900A4C208 /* Build configuration list for PBXNativeTarget "用队列实现栈" */ = {
			isa = XCConfigurationList;
			buildConfigurations = (
				1421E38E209FFAF900A4C208 /* Debug */,
				1421E38F209FFAF900A4C208 /* Release */,
			);
			defaultConfigurationIsVisible = 0;
			defaultConfigurationName = Release;
		};
		1421E39920A0021C00A4C208 /* Build configuration list for PBXNativeTarget "填充同一层的兄弟节点 II" */ = {
			isa = XCConfigurationList;
			buildConfigurations = (
				1421E39A20A0021C00A4C208 /* Debug */,
				1421E39B20A0021C00A4C208 /* Release */,
			);
			defaultConfigurationIsVisible = 0;
			defaultConfigurationName = Release;
		};
		1473762221154715004523D7 /* Build configuration list for PBXNativeTarget "组合" */ = {
			isa = XCConfigurationList;
			buildConfigurations = (
				1473762021154715004523D7 /* Debug */,
				1473762121154715004523D7 /* Release */,
			);
			defaultConfigurationIsVisible = 0;
			defaultConfigurationName = Release;
		};
		14773BC820934638006242C6 /* Build configuration list for PBXProject "LeetCode" */ = {
			isa = XCConfigurationList;
			buildConfigurations = (
				14773BD220934638006242C6 /* Debug */,
				14773BD320934638006242C6 /* Release */,
			);
			defaultConfigurationIsVisible = 0;
			defaultConfigurationName = Release;
		};
		14773BD420934638006242C6 /* Build configuration list for PBXNativeTarget "LeetCode" */ = {
			isa = XCConfigurationList;
			buildConfigurations = (
				14773BD520934638006242C6 /* Debug */,
				14773BD620934638006242C6 /* Release */,
			);
			defaultConfigurationIsVisible = 0;
			defaultConfigurationName = Release;
		};
		14773BDF20934647006242C6 /* Build configuration list for PBXNativeTarget "两数之和" */ = {
			isa = XCConfigurationList;
			buildConfigurations = (
				14773BE020934647006242C6 /* Debug */,
				14773BE120934647006242C6 /* Release */,
			);
			defaultConfigurationIsVisible = 0;
			defaultConfigurationName = Release;
		};
		14773BEC20934BFF006242C6 /* Build configuration list for PBXNativeTarget "两数相加" */ = {
			isa = XCConfigurationList;
			buildConfigurations = (
				14773BEA20934BFF006242C6 /* Debug */,
				14773BEB20934BFF006242C6 /* Release */,
			);
			defaultConfigurationIsVisible = 0;
			defaultConfigurationName = Release;
		};
		1488244C20A8705B00BD4766 /* Build configuration list for PBXNativeTarget "不同的二叉搜索树 II" */ = {
			isa = XCConfigurationList;
			buildConfigurations = (
				1488244A20A8705B00BD4766 /* Debug */,
				1488244B20A8705B00BD4766 /* Release */,
			);
			defaultConfigurationIsVisible = 0;
			defaultConfigurationName = Release;
		};
		1488245520A9BDCF00BD4766 /* Build configuration list for PBXNativeTarget "在二叉树中增加一行" */ = {
			isa = XCConfigurationList;
			buildConfigurations = (
				1488245620A9BDCF00BD4766 /* Debug */,
				1488245720A9BDCF00BD4766 /* Release */,
			);
			defaultConfigurationIsVisible = 0;
			defaultConfigurationName = Release;
		};
		149CEB67210CCB9700690132 /* Build configuration list for PBXNativeTarget "全排列 II" */ = {
			isa = XCConfigurationList;
			buildConfigurations = (
				149CEB65210CCB9700690132 /* Debug */,
				149CEB66210CCB9700690132 /* Release */,
			);
			defaultConfigurationIsVisible = 0;
			defaultConfigurationName = Release;
		};
		14A9F038210FEA9500901702 /* Build configuration list for PBXNativeTarget "全排列" */ = {
			isa = XCConfigurationList;
			buildConfigurations = (
				14A9F036210FEA9500901702 /* Debug */,
				14A9F037210FEA9500901702 /* Release */,
			);
			defaultConfigurationIsVisible = 0;
			defaultConfigurationName = Release;
		};
		14A9F04321113B3400901702 /* Build configuration list for PBXNativeTarget "相对名次" */ = {
			isa = XCConfigurationList;
			buildConfigurations = (
				14A9F04421113B3400901702 /* Debug */,
				14A9F04521113B3400901702 /* Release */,
			);
			defaultConfigurationIsVisible = 0;
			defaultConfigurationName = Release;
		};
		14C9F20D211180AA00F5AD29 /* Build configuration list for PBXNativeTarget "N皇后" */ = {
			isa = XCConfigurationList;
			buildConfigurations = (
				14C9F20E211180AA00F5AD29 /* Debug */,
				14C9F20F211180AA00F5AD29 /* Release */,
			);
			defaultConfigurationIsVisible = 0;
			defaultConfigurationName = Release;
		};
		14C9F2182112B1D200F5AD29 /* Build configuration list for PBXNativeTarget "二叉搜索树迭代器" */ = {
			isa = XCConfigurationList;
			buildConfigurations = (
				14C9F2192112B1D200F5AD29 /* Debug */,
				14C9F21A2112B1D200F5AD29 /* Release */,
			);
			defaultConfigurationIsVisible = 0;
			defaultConfigurationName = Release;
		};
		14CB0E4A210B6BF1005D8C45 /* Build configuration list for PBXNativeTarget "子集" */ = {
			isa = XCConfigurationList;
			buildConfigurations = (
				14CB0E48210B6BF1005D8C45 /* Debug */,
				14CB0E49210B6BF1005D8C45 /* Release */,
			);
			defaultConfigurationIsVisible = 0;
			defaultConfigurationName = Release;
		};
		14D5819B2108CCBF006E932E /* Build configuration list for PBXNativeTarget "回文数" */ = {
			isa = XCConfigurationList;
			buildConfigurations = (
				14D581992108CCBF006E932E /* Debug */,
				14D5819A2108CCBF006E932E /* Release */,
			);
			defaultConfigurationIsVisible = 0;
			defaultConfigurationName = Release;
		};
		14DC84EA20A04A4D00F651BD /* Build configuration list for PBXNativeTarget "找树左下角的值" */ = {
			isa = XCConfigurationList;
			buildConfigurations = (
				14DC84E820A04A4D00F651BD /* Debug */,
				14DC84E920A04A4D00F651BD /* Release */,
			);
			defaultConfigurationIsVisible = 0;
			defaultConfigurationName = Release;
		};
		14DC84F320A0785000F651BD /* Build configuration list for PBXNativeTarget "删除与获得点数" */ = {
			isa = XCConfigurationList;
			buildConfigurations = (
				14DC84F420A0785000F651BD /* Debug */,
				14DC84F520A0785000F651BD /* Release */,
			);
			defaultConfigurationIsVisible = 0;
			defaultConfigurationName = Release;
		};
		14DC850220A1D30400F651BD /* Build configuration list for PBXNativeTarget "二叉树的右视图" */ = {
			isa = XCConfigurationList;
			buildConfigurations = (
				14DC850020A1D30400F651BD /* Debug */,
				14DC850120A1D30400F651BD /* Release */,
			);
			defaultConfigurationIsVisible = 0;
			defaultConfigurationName = Release;
		};
		14DC853920A3E05B00F651BD /* Build configuration list for PBXNativeTarget "从中序与后序遍历序列构造二叉树" */ = {
			isa = XCConfigurationList;
			buildConfigurations = (
				14DC853720A3E05B00F651BD /* Debug */,
				14DC853820A3E05B00F651BD /* Release */,
			);
			defaultConfigurationIsVisible = 0;
			defaultConfigurationName = Release;
		};
		14DC854220A3F42100F651BD /* Build configuration list for PBXNativeTarget "翻转字符串里的单词" */ = {
			isa = XCConfigurationList;
			buildConfigurations = (
				14DC854320A3F42100F651BD /* Debug */,
				14DC854420A3F42100F651BD /* Release */,
			);
			defaultConfigurationIsVisible = 0;
			defaultConfigurationName = Release;
		};
		14E76E852095FEE50095BE75 /* Build configuration list for PBXNativeTarget "无重复字符的最长子串" */ = {
			isa = XCConfigurationList;
			buildConfigurations = (
				14E76E832095FEE50095BE75 /* Debug */,
				14E76E842095FEE50095BE75 /* Release */,
			);
			defaultConfigurationIsVisible = 0;
			defaultConfigurationName = Release;
		};
		14F7C8CA2113E83800CDE135 /* Build configuration list for PBXNativeTarget "组合总和" */ = {
			isa = XCConfigurationList;
			buildConfigurations = (
				14F7C8C82113E83800CDE135 /* Debug */,
				14F7C8C92113E83800CDE135 /* Release */,
			);
			defaultConfigurationIsVisible = 0;
			defaultConfigurationName = Release;
		};
		14F7C8D32113F2E800CDE135 /* Build configuration list for PBXNativeTarget "组合总和 II" */ = {
			isa = XCConfigurationList;
			buildConfigurations = (
				14F7C8D42113F2E800CDE135 /* Debug */,
				14F7C8D52113F2E800CDE135 /* Release */,
			);
			defaultConfigurationIsVisible = 0;
			defaultConfigurationName = Release;
		};
/* End XCConfigurationList section */
	};
	rootObject = 14773BC520934638006242C6 /* Project object */;
}
